// !$*UTF8*$!
{
	archiveVersion = 1;
	classes = {
	};
	objectVersion = 56;
	objects = {

/* Begin PBXBuildFile section */
		A36B087A3AE434BC3234B23C /* Pods_ice_reader.framework in Frameworks */ = {isa = PBXBuildFile; fileRef = 416A47C19DC4CDF55A4F6510 /* Pods_ice_reader.framework */; };
		B403164E29C6921E00E02FD0 /* 佣兵战争.txt in Resources */ = {isa = PBXBuildFile; fileRef = B403163829C6921D00E02FD0 /* 佣兵战争.txt */; };
		B403164F29C6921E00E02FD0 /* 末日从噩梦开始.txt in Resources */ = {isa = PBXBuildFile; fileRef = B403163929C6921D00E02FD0 /* 末日从噩梦开始.txt */; };
		B403165029C6921E00E02FD0 /* 长夜余火.txt in Resources */ = {isa = PBXBuildFile; fileRef = B403163A29C6921D00E02FD0 /* 长夜余火.txt */; };
		B403165129C6921E00E02FD0 /* 问道红尘.txt in Resources */ = {isa = PBXBuildFile; fileRef = B403163B29C6921D00E02FD0 /* 问道红尘.txt */; };
		B403165229C6921E00E02FD0 /* 九鼎记.txt in Resources */ = {isa = PBXBuildFile; fileRef = B403163C29C6921D00E02FD0 /* 九鼎记.txt */; };
		B403165329C6921E00E02FD0 /* 亲爱的该吃药了.txt in Resources */ = {isa = PBXBuildFile; fileRef = B403163D29C6921D00E02FD0 /* 亲爱的该吃药了.txt */; };
		B403165429C6921E00E02FD0 /* 烂柯棋缘.txt in Resources */ = {isa = PBXBuildFile; fileRef = B403163E29C6921E00E02FD0 /* 烂柯棋缘.txt */; };
		B403165529C6921E00E02FD0 /* 精灵掌门人.txt in Resources */ = {isa = PBXBuildFile; fileRef = B403163F29C6921E00E02FD0 /* 精灵掌门人.txt */; };
		B403165629C6921E00E02FD0 /* 诸界末日在线.txt in Resources */ = {isa = PBXBuildFile; fileRef = B403164029C6921E00E02FD0 /* 诸界末日在线.txt */; };
		B403165729C6921E00E02FD0 /* 我的徒弟都是大反派.txt in Resources */ = {isa = PBXBuildFile; fileRef = B403164129C6921E00E02FD0 /* 我的徒弟都是大反派.txt */; };
		B403165829C6921E00E02FD0 /* 重生后被倒追很正常吧.txt in Resources */ = {isa = PBXBuildFile; fileRef = B403164229C6921E00E02FD0 /* 重生后被倒追很正常吧.txt */; };
		B403165929C6921E00E02FD0 /* 凡人修仙传.txt in Resources */ = {isa = PBXBuildFile; fileRef = B403164329C6921E00E02FD0 /* 凡人修仙传.txt */; };
		B403165A29C6921E00E02FD0 /* 魔临.txt in Resources */ = {isa = PBXBuildFile; fileRef = B403164429C6921E00E02FD0 /* 魔临.txt */; };
		B403165B29C6921E00E02FD0 /* 修真聊天群.txt in Resources */ = {isa = PBXBuildFile; fileRef = B403164529C6921E00E02FD0 /* 修真聊天群.txt */; };
		B403165C29C6921E00E02FD0 /* 我的治愈系游戏.txt in Resources */ = {isa = PBXBuildFile; fileRef = B403164629C6921E00E02FD0 /* 我的治愈系游戏.txt */; };
		B403165D29C6921E00E02FD0 /* 教主的退休日常.txt in Resources */ = {isa = PBXBuildFile; fileRef = B403164729C6921E00E02FD0 /* 教主的退休日常.txt */; };
		B403165E29C6921E00E02FD0 /* 全职艺术家.txt in Resources */ = {isa = PBXBuildFile; fileRef = B403164829C6921E00E02FD0 /* 全职艺术家.txt */; };
		B403165F29C6921E00E02FD0 /* 大乘期才有逆袭系统.txt in Resources */ = {isa = PBXBuildFile; fileRef = B403164929C6921E00E02FD0 /* 大乘期才有逆袭系统.txt */; };
		B403166029C6921E00E02FD0 /* 遮天.txt in Resources */ = {isa = PBXBuildFile; fileRef = B403164A29C6921E00E02FD0 /* 遮天.txt */; };
		B403166129C6921E00E02FD0 /* 星门时光之主.txt in Resources */ = {isa = PBXBuildFile; fileRef = B403164B29C6921E00E02FD0 /* 星门时光之主.txt */; };
		B403166229C6921E00E02FD0 /* 武侠开局奖励满级神功.txt in Resources */ = {isa = PBXBuildFile; fileRef = B403164C29C6921E00E02FD0 /* 武侠开局奖励满级神功.txt */; };
		B403166329C6921E00E02FD0 /* 这个剑修有点稳.txt in Resources */ = {isa = PBXBuildFile; fileRef = B403164D29C6921E00E02FD0 /* 这个剑修有点稳.txt */; };
		B403166929C699AC00E02FD0 /* LoadingView.swift in Sources */ = {isa = PBXBuildFile; fileRef = B403166829C699AC00E02FD0 /* LoadingView.swift */; };
		B4437AD92AA629BC00A7808C /* 才不是魔女.txt in Resources */ = {isa = PBXBuildFile; fileRef = B4437AD82AA629BC00A7808C /* 才不是魔女.txt */; };
		B4437ADB2AA62C4D00A7808C /* 天启预报.txt in Resources */ = {isa = PBXBuildFile; fileRef = B4437ADA2AA62C4D00A7808C /* 天启预报.txt */; };
		B4977D3B29C58AAB00E77370 /* 诡秘之主.txt in Resources */ = {isa = PBXBuildFile; fileRef = B4977D3A29C58AAB00E77370 /* 诡秘之主.txt */; };
		B4977D4329C5B35700E77370 /* 我的属性修行人生.txt in Resources */ = {isa = PBXBuildFile; fileRef = B4977D4229C5B35700E77370 /* 我的属性修行人生.txt */; };
		B4977D4A29C5B5C600E77370 /* 一世之尊.txt in Resources */ = {isa = PBXBuildFile; fileRef = B4977D4429C5B5C500E77370 /* 一世之尊.txt */; };
		B4977D4B29C5B5C600E77370 /* 惊悚乐园.txt in Resources */ = {isa = PBXBuildFile; fileRef = B4977D4529C5B5C600E77370 /* 惊悚乐园.txt */; };
		B4977D4C29C5B5C600E77370 /* 我师兄实在是太稳健了.txt in Resources */ = {isa = PBXBuildFile; fileRef = B4977D4629C5B5C600E77370 /* 我师兄实在是太稳健了.txt */; };
		B4977D4D29C5B5C600E77370 /* 吞噬星空.txt in Resources */ = {isa = PBXBuildFile; fileRef = B4977D4729C5B5C600E77370 /* 吞噬星空.txt */; };
		B4977D4E29C5B5C600E77370 /* 我有一座冒险屋.txt in Resources */ = {isa = PBXBuildFile; fileRef = B4977D4829C5B5C600E77370 /* 我有一座冒险屋.txt */; };
		B4977D4F29C5B5C600E77370 /* 斗破苍穹.txt in Resources */ = {isa = PBXBuildFile; fileRef = B4977D4929C5B5C600E77370 /* 斗破苍穹.txt */; };
		B4977D5129C5BB7F00E77370 /* 大王饶命.txt in Resources */ = {isa = PBXBuildFile; fileRef = B4977D5029C5BB7F00E77370 /* 大王饶命.txt */; };
		B4977D5329C5BD3000E77370 /* 超神机械师.html in Resources */ = {isa = PBXBuildFile; fileRef = B4977D5229C5BD3000E77370 /* 超神机械师.html */; };
		B4977D5529C5BDAA00E77370 /* 圣墟.txt in Resources */ = {isa = PBXBuildFile; fileRef = B4977D5429C5BDAA00E77370 /* 圣墟.txt */; };
		B4977D5729C5BDF200E77370 /* 牧神记.txt in Resources */ = {isa = PBXBuildFile; fileRef = B4977D5629C5BDF200E77370 /* 牧神记.txt */; };
		B4977D5929C5BE4500E77370 /* 轮回乐园.txt in Resources */ = {isa = PBXBuildFile; fileRef = B4977D5829C5BE4500E77370 /* 轮回乐园.txt */; };
		B4977D5B29C5BE7B00E77370 /* 完美世界.txt in Resources */ = {isa = PBXBuildFile; fileRef = B4977D5A29C5BE7B00E77370 /* 完美世界.txt */; };
		B4977D5F29C5C03300E77370 /* 全球高武.txt in Resources */ = {isa = PBXBuildFile; fileRef = B4977D5E29C5C03300E77370 /* 全球高武.txt */; };
		B4977D6929C5C48E00E77370 /* 奥术神座.txt in Resources */ = {isa = PBXBuildFile; fileRef = B4977D6029C5C48E00E77370 /* 奥术神座.txt */; };
		B4977D6A29C5C48E00E77370 /* 第一序列.txt in Resources */ = {isa = PBXBuildFile; fileRef = B4977D6129C5C48E00E77370 /* 第一序列.txt */; };
		B4977D6B29C5C48E00E77370 /* 深夜书屋.txt in Resources */ = {isa = PBXBuildFile; fileRef = B4977D6229C5C48E00E77370 /* 深夜书屋.txt */; };
		B4977D6C29C5C48E00E77370 /* 一念永恒.txt in Resources */ = {isa = PBXBuildFile; fileRef = B4977D6329C5C48E00E77370 /* 一念永恒.txt */; };
		B4977D6D29C5C48E00E77370 /* 异常生物见闻录.txt in Resources */ = {isa = PBXBuildFile; fileRef = B4977D6429C5C48E00E77370 /* 异常生物见闻录.txt */; };
		B4977D6E29C5C48E00E77370 /* 从红月开始.txt in Resources */ = {isa = PBXBuildFile; fileRef = B4977D6529C5C48E00E77370 /* 从红月开始.txt */; };
		B4977D6F29C5C48E00E77370 /* 亏成首富从游戏开始.txt in Resources */ = {isa = PBXBuildFile; fileRef = B4977D6629C5C48E00E77370 /* 亏成首富从游戏开始.txt */; };
		B4977D7029C5C48E00E77370 /* 全职高手.txt in Resources */ = {isa = PBXBuildFile; fileRef = B4977D6729C5C48E00E77370 /* 全职高手.txt */; };
		B4977D7129C5C48E00E77370 /* 伏天氏.txt in Resources */ = {isa = PBXBuildFile; fileRef = B4977D6829C5C48E00E77370 /* 伏天氏.txt */; };
		B4977D7429C5C7F200E77370 /* PercentBar.swift in Sources */ = {isa = PBXBuildFile; fileRef = B4977D7329C5C7F200E77370 /* PercentBar.swift */; };
		B4A9F73329C52F3900F267C6 /* ice_readerApp.swift in Sources */ = {isa = PBXBuildFile; fileRef = B4A9F73229C52F3900F267C6 /* ice_readerApp.swift */; };
		B4A9F73529C52F3900F267C6 /* ContentView.swift in Sources */ = {isa = PBXBuildFile; fileRef = B4A9F73429C52F3900F267C6 /* ContentView.swift */; };
		B4A9F73729C52F3A00F267C6 /* Assets.xcassets in Resources */ = {isa = PBXBuildFile; fileRef = B4A9F73629C52F3A00F267C6 /* Assets.xcassets */; };
		B4A9F73A29C52F3A00F267C6 /* Preview Assets.xcassets in Resources */ = {isa = PBXBuildFile; fileRef = B4A9F73929C52F3A00F267C6 /* Preview Assets.xcassets */; };
		B4A9F73C29C52F3A00F267C6 /* Persistence.swift in Sources */ = {isa = PBXBuildFile; fileRef = B4A9F73B29C52F3A00F267C6 /* Persistence.swift */; };
		B4A9F73F29C52F3A00F267C6 /* ice_reader.xcdatamodeld in Sources */ = {isa = PBXBuildFile; fileRef = B4A9F73D29C52F3A00F267C6 /* ice_reader.xcdatamodeld */; };
		B4A9F74729C5313400F267C6 /* 黎明之剑.html in Resources */ = {isa = PBXBuildFile; fileRef = B4A9F74629C5313400F267C6 /* 黎明之剑.html */; };
		B4E7089829C541FA00F70C14 /* BookMainView.swift in Sources */ = {isa = PBXBuildFile; fileRef = B4E7089729C541FA00F70C14 /* BookMainView.swift */; };
		B4E7089A29C5420B00F70C14 /* BookShelfView.swift in Sources */ = {isa = PBXBuildFile; fileRef = B4E7089929C5420B00F70C14 /* BookShelfView.swift */; };
		B4E7089C29C5422500F70C14 /* BookVM.swift in Sources */ = {isa = PBXBuildFile; fileRef = B4E7089B29C5422500F70C14 /* BookVM.swift */; };
		B4E708A029C568FA00F70C14 /* 希灵帝国.txt in Resources */ = {isa = PBXBuildFile; fileRef = B4E7089F29C568FA00F70C14 /* 希灵帝国.txt */; };
		B4E708A629C569B000F70C14 /* 重生之似水流年.txt in Resources */ = {isa = PBXBuildFile; fileRef = B4E708A529C569B000F70C14 /* 重生之似水流年.txt */; };
		B4E708A829C569D300F70C14 /* 深空彼岸.txt in Resources */ = {isa = PBXBuildFile; fileRef = B4E708A729C569D300F70C14 /* 深空彼岸.txt */; };
		B4E708AC29C56B2300F70C14 /* 我真没想重生啊.txt in Resources */ = {isa = PBXBuildFile; fileRef = B4E708AB29C56B2300F70C14 /* 我真没想重生啊.txt */; };
		B4E708AE29C56B3E00F70C14 /* 夜的命名术.txt in Resources */ = {isa = PBXBuildFile; fileRef = B4E708AD29C56B3E00F70C14 /* 夜的命名术.txt */; };
		B4E708B029C56B4500F70C14 /* 大奉打更人.txt in Resources */ = {isa = PBXBuildFile; fileRef = B4E708AF29C56B4500F70C14 /* 大奉打更人.txt */; };
		B4E708B229C56B6000F70C14 /* 不科学御兽.txt in Resources */ = {isa = PBXBuildFile; fileRef = B4E708B129C56B6000F70C14 /* 不科学御兽.txt */; };
		B4E708B429C56B8700F70C14 /* 万道龙皇.txt in Resources */ = {isa = PBXBuildFile; fileRef = B4E708B329C56B8700F70C14 /* 万道龙皇.txt */; };
		B4E708B629C56B9D00F70C14 /* 万族之劫.txt in Resources */ = {isa = PBXBuildFile; fileRef = B4E708B529C56B9D00F70C14 /* 万族之劫.txt */; };
		B4E708B829C56BB800F70C14 /* 我打造了旧日支配者神话.txt in Resources */ = {isa = PBXBuildFile; fileRef = B4E708B729C56BB800F70C14 /* 我打造了旧日支配者神话.txt */; };
		B4E708BA29C56BF600F70C14 /* 镇妖博物馆.html in Resources */ = {isa = PBXBuildFile; fileRef = B4E708B929C56BF600F70C14 /* 镇妖博物馆.html */; };
/* End PBXBuildFile section */

/* Begin PBXFileReference section */
		23C148EA6247D7EC1BA4A348 /* Pods-ice reader.debug.xcconfig */ = {isa = PBXFileReference; includeInIndex = 1; lastKnownFileType = text.xcconfig; name = "Pods-ice reader.debug.xcconfig"; path = "Target Support Files/Pods-ice reader/Pods-ice reader.debug.xcconfig"; sourceTree = "<group>"; };
		416A47C19DC4CDF55A4F6510 /* Pods_ice_reader.framework */ = {isa = PBXFileReference; explicitFileType = wrapper.framework; includeInIndex = 0; path = Pods_ice_reader.framework; sourceTree = BUILT_PRODUCTS_DIR; };
		B403163829C6921D00E02FD0 /* 佣兵战争.txt */ = {isa = PBXFileReference; fileEncoding = 4; lastKnownFileType = text; name = "佣兵战争.txt"; path = "../../../../Downloads/佣兵战争.txt"; sourceTree = "<group>"; };
		B403163929C6921D00E02FD0 /* 末日从噩梦开始.txt */ = {isa = PBXFileReference; fileEncoding = 4; lastKnownFileType = text; name = "末日从噩梦开始.txt"; path = "../../../../Downloads/末日从噩梦开始.txt"; sourceTree = "<group>"; };
		B403163A29C6921D00E02FD0 /* 长夜余火.txt */ = {isa = PBXFileReference; fileEncoding = 4; lastKnownFileType = text; name = "长夜余火.txt"; path = "../../../../Downloads/长夜余火.txt"; sourceTree = "<group>"; };
		B403163B29C6921D00E02FD0 /* 问道红尘.txt */ = {isa = PBXFileReference; fileEncoding = 4; lastKnownFileType = text; name = "问道红尘.txt"; path = "../../../../Downloads/问道红尘.txt"; sourceTree = "<group>"; };
		B403163C29C6921D00E02FD0 /* 九鼎记.txt */ = {isa = PBXFileReference; fileEncoding = 4; lastKnownFileType = text; name = "九鼎记.txt"; path = "../../../../Downloads/九鼎记.txt"; sourceTree = "<group>"; };
		B403163D29C6921D00E02FD0 /* 亲爱的该吃药了.txt */ = {isa = PBXFileReference; fileEncoding = 4; lastKnownFileType = text; name = "亲爱的该吃药了.txt"; path = "../../../../Downloads/亲爱的该吃药了.txt"; sourceTree = "<group>"; };
		B403163E29C6921E00E02FD0 /* 烂柯棋缘.txt */ = {isa = PBXFileReference; fileEncoding = 4; lastKnownFileType = text; name = "烂柯棋缘.txt"; path = "../../../../Downloads/烂柯棋缘.txt"; sourceTree = "<group>"; };
		B403163F29C6921E00E02FD0 /* 精灵掌门人.txt */ = {isa = PBXFileReference; fileEncoding = 4; lastKnownFileType = text; name = "精灵掌门人.txt"; path = "../../../../Downloads/精灵掌门人.txt"; sourceTree = "<group>"; };
		B403164029C6921E00E02FD0 /* 诸界末日在线.txt */ = {isa = PBXFileReference; fileEncoding = 4; lastKnownFileType = text; name = "诸界末日在线.txt"; path = "../../../../Downloads/诸界末日在线.txt"; sourceTree = "<group>"; };
		B403164129C6921E00E02FD0 /* 我的徒弟都是大反派.txt */ = {isa = PBXFileReference; fileEncoding = 4; lastKnownFileType = text; name = "我的徒弟都是大反派.txt"; path = "../../../../Downloads/我的徒弟都是大反派.txt"; sourceTree = "<group>"; };
		B403164229C6921E00E02FD0 /* 重生后被倒追很正常吧.txt */ = {isa = PBXFileReference; fileEncoding = 4; lastKnownFileType = text; name = "重生后被倒追很正常吧.txt"; path = "../../../../Downloads/重生后被倒追很正常吧.txt"; sourceTree = "<group>"; };
		B403164329C6921E00E02FD0 /* 凡人修仙传.txt */ = {isa = PBXFileReference; fileEncoding = 4; lastKnownFileType = text; name = "凡人修仙传.txt"; path = "../../../../Downloads/凡人修仙传.txt"; sourceTree = "<group>"; };
		B403164429C6921E00E02FD0 /* 魔临.txt */ = {isa = PBXFileReference; fileEncoding = 4; lastKnownFileType = text; name = "魔临.txt"; path = "../../../../Downloads/魔临.txt"; sourceTree = "<group>"; };
		B403164529C6921E00E02FD0 /* 修真聊天群.txt */ = {isa = PBXFileReference; fileEncoding = 4; lastKnownFileType = text; name = "修真聊天群.txt"; path = "../../../../Downloads/修真聊天群.txt"; sourceTree = "<group>"; };
		B403164629C6921E00E02FD0 /* 我的治愈系游戏.txt */ = {isa = PBXFileReference; fileEncoding = 4; lastKnownFileType = text; name = "我的治愈系游戏.txt"; path = "../../../../Downloads/我的治愈系游戏.txt"; sourceTree = "<group>"; };
		B403164729C6921E00E02FD0 /* 教主的退休日常.txt */ = {isa = PBXFileReference; fileEncoding = 4; lastKnownFileType = text; name = "教主的退休日常.txt"; path = "../../../../Downloads/教主的退休日常.txt"; sourceTree = "<group>"; };
		B403164829C6921E00E02FD0 /* 全职艺术家.txt */ = {isa = PBXFileReference; fileEncoding = 4; lastKnownFileType = text; name = "全职艺术家.txt"; path = "../../../../Downloads/全职艺术家.txt"; sourceTree = "<group>"; };
		B403164929C6921E00E02FD0 /* 大乘期才有逆袭系统.txt */ = {isa = PBXFileReference; fileEncoding = 4; lastKnownFileType = text; name = "大乘期才有逆袭系统.txt"; path = "../../../../Downloads/大乘期才有逆袭系统.txt"; sourceTree = "<group>"; };
		B403164A29C6921E00E02FD0 /* 遮天.txt */ = {isa = PBXFileReference; fileEncoding = 4; lastKnownFileType = text; name = "遮天.txt"; path = "../../../../Downloads/遮天.txt"; sourceTree = "<group>"; };
		B403164B29C6921E00E02FD0 /* 星门时光之主.txt */ = {isa = PBXFileReference; fileEncoding = 4; lastKnownFileType = text; name = "星门时光之主.txt"; path = "../../../../Downloads/星门时光之主.txt"; sourceTree = "<group>"; };
		B403164C29C6921E00E02FD0 /* 武侠开局奖励满级神功.txt */ = {isa = PBXFileReference; fileEncoding = 4; lastKnownFileType = text; name = "武侠开局奖励满级神功.txt"; path = "../../../../Downloads/武侠开局奖励满级神功.txt"; sourceTree = "<group>"; };
		B403164D29C6921E00E02FD0 /* 这个剑修有点稳.txt */ = {isa = PBXFileReference; fileEncoding = 4; lastKnownFileType = text; name = "这个剑修有点稳.txt"; path = "../../../../Downloads/这个剑修有点稳.txt"; sourceTree = "<group>"; };
		B403166829C699AC00E02FD0 /* LoadingView.swift */ = {isa = PBXFileReference; lastKnownFileType = sourcecode.swift; path = LoadingView.swift; sourceTree = "<group>"; };
		B4437AD82AA629BC00A7808C /* 才不是魔女.txt */ = {isa = PBXFileReference; fileEncoding = 4; lastKnownFileType = text; name = "才不是魔女.txt"; path = "../../../../Downloads/才不是魔女.txt"; sourceTree = "<group>"; };
		B4437ADA2AA62C4D00A7808C /* 天启预报.txt */ = {isa = PBXFileReference; fileEncoding = 4; lastKnownFileType = text; name = "天启预报.txt"; path = "../../../../Downloads/天启预报.txt"; sourceTree = "<group>"; };
		B4977D3A29C58AAB00E77370 /* 诡秘之主.txt */ = {isa = PBXFileReference; fileEncoding = 4; lastKnownFileType = text; name = "诡秘之主.txt"; path = "../../../../Downloads/诡秘之主.txt"; sourceTree = "<group>"; };
		B4977D4229C5B35700E77370 /* 我的属性修行人生.txt */ = {isa = PBXFileReference; fileEncoding = 4; lastKnownFileType = text; name = "我的属性修行人生.txt"; path = "../../../../Downloads/我的属性修行人生.txt"; sourceTree = "<group>"; };
		B4977D4429C5B5C500E77370 /* 一世之尊.txt */ = {isa = PBXFileReference; fileEncoding = 4; lastKnownFileType = text; name = "一世之尊.txt"; path = "../../../../Downloads/一世之尊.txt"; sourceTree = "<group>"; };
		B4977D4529C5B5C600E77370 /* 惊悚乐园.txt */ = {isa = PBXFileReference; fileEncoding = 4; lastKnownFileType = text; name = "惊悚乐园.txt"; path = "../../../../Downloads/惊悚乐园.txt"; sourceTree = "<group>"; };
		B4977D4629C5B5C600E77370 /* 我师兄实在是太稳健了.txt */ = {isa = PBXFileReference; fileEncoding = 4; lastKnownFileType = text; name = "我师兄实在是太稳健了.txt"; path = "../../../../Downloads/我师兄实在是太稳健了.txt"; sourceTree = "<group>"; };
		B4977D4729C5B5C600E77370 /* 吞噬星空.txt */ = {isa = PBXFileReference; fileEncoding = 4; lastKnownFileType = text; name = "吞噬星空.txt"; path = "../../../../Downloads/吞噬星空.txt"; sourceTree = "<group>"; };
		B4977D4829C5B5C600E77370 /* 我有一座冒险屋.txt */ = {isa = PBXFileReference; fileEncoding = 4; lastKnownFileType = text; name = "我有一座冒险屋.txt"; path = "../../../../Downloads/我有一座冒险屋.txt"; sourceTree = "<group>"; };
		B4977D4929C5B5C600E77370 /* 斗破苍穹.txt */ = {isa = PBXFileReference; fileEncoding = 4; lastKnownFileType = text; name = "斗破苍穹.txt"; path = "../../../../Downloads/斗破苍穹.txt"; sourceTree = "<group>"; };
		B4977D5029C5BB7F00E77370 /* 大王饶命.txt */ = {isa = PBXFileReference; fileEncoding = 4; lastKnownFileType = text; name = "大王饶命.txt"; path = "../../../../Downloads/大王饶命.txt"; sourceTree = "<group>"; };
		B4977D5229C5BD3000E77370 /* 超神机械师.html */ = {isa = PBXFileReference; fileEncoding = 4; lastKnownFileType = text.html; name = "超神机械师.html"; path = "../../../../Library/Mobile Documents/com~apple~CloudDocs/Downloads/超神机械师.html"; sourceTree = "<group>"; };
		B4977D5429C5BDAA00E77370 /* 圣墟.txt */ = {isa = PBXFileReference; fileEncoding = 4; lastKnownFileType = text; name = "圣墟.txt"; path = "../../../../Downloads/圣墟.txt"; sourceTree = "<group>"; };
		B4977D5629C5BDF200E77370 /* 牧神记.txt */ = {isa = PBXFileReference; fileEncoding = 4; lastKnownFileType = text; name = "牧神记.txt"; path = "../../../../Downloads/牧神记.txt"; sourceTree = "<group>"; };
		B4977D5829C5BE4500E77370 /* 轮回乐园.txt */ = {isa = PBXFileReference; fileEncoding = 4; lastKnownFileType = text; name = "轮回乐园.txt"; path = "../../../../Downloads/轮回乐园.txt"; sourceTree = "<group>"; };
		B4977D5A29C5BE7B00E77370 /* 完美世界.txt */ = {isa = PBXFileReference; fileEncoding = 4; lastKnownFileType = text; name = "完美世界.txt"; path = "../../../../Downloads/完美世界.txt"; sourceTree = "<group>"; };
		B4977D5E29C5C03300E77370 /* 全球高武.txt */ = {isa = PBXFileReference; fileEncoding = 4; lastKnownFileType = text; path = "全球高武.txt"; sourceTree = "<group>"; };
		B4977D6029C5C48E00E77370 /* 奥术神座.txt */ = {isa = PBXFileReference; fileEncoding = 4; lastKnownFileType = text; name = "奥术神座.txt"; path = "../../../../Downloads/奥术神座.txt"; sourceTree = "<group>"; };
		B4977D6129C5C48E00E77370 /* 第一序列.txt */ = {isa = PBXFileReference; fileEncoding = 4; lastKnownFileType = text; name = "第一序列.txt"; path = "../../../../Downloads/第一序列.txt"; sourceTree = "<group>"; };
		B4977D6229C5C48E00E77370 /* 深夜书屋.txt */ = {isa = PBXFileReference; fileEncoding = 4; lastKnownFileType = text; name = "深夜书屋.txt"; path = "../../../../Downloads/深夜书屋.txt"; sourceTree = "<group>"; };
		B4977D6329C5C48E00E77370 /* 一念永恒.txt */ = {isa = PBXFileReference; fileEncoding = 4; lastKnownFileType = text; name = "一念永恒.txt"; path = "../../../../Downloads/一念永恒.txt"; sourceTree = "<group>"; };
		B4977D6429C5C48E00E77370 /* 异常生物见闻录.txt */ = {isa = PBXFileReference; fileEncoding = 4; lastKnownFileType = text; name = "异常生物见闻录.txt"; path = "../../../../Downloads/异常生物见闻录.txt"; sourceTree = "<group>"; };
		B4977D6529C5C48E00E77370 /* 从红月开始.txt */ = {isa = PBXFileReference; fileEncoding = 4; lastKnownFileType = text; name = "从红月开始.txt"; path = "../../../../Downloads/从红月开始.txt"; sourceTree = "<group>"; };
		B4977D6629C5C48E00E77370 /* 亏成首富从游戏开始.txt */ = {isa = PBXFileReference; fileEncoding = 4; lastKnownFileType = text; name = "亏成首富从游戏开始.txt"; path = "../../../../Downloads/亏成首富从游戏开始.txt"; sourceTree = "<group>"; };
		B4977D6729C5C48E00E77370 /* 全职高手.txt */ = {isa = PBXFileReference; fileEncoding = 4; lastKnownFileType = text; name = "全职高手.txt"; path = "../../../../Downloads/全职高手.txt"; sourceTree = "<group>"; };
		B4977D6829C5C48E00E77370 /* 伏天氏.txt */ = {isa = PBXFileReference; fileEncoding = 4; lastKnownFileType = text; name = "伏天氏.txt"; path = "../../../../Downloads/伏天氏.txt"; sourceTree = "<group>"; };
		B4977D7329C5C7F200E77370 /* PercentBar.swift */ = {isa = PBXFileReference; lastKnownFileType = sourcecode.swift; path = PercentBar.swift; sourceTree = "<group>"; };
		B4A9F72F29C52F3900F267C6 /* ice reader.app */ = {isa = PBXFileReference; explicitFileType = wrapper.application; includeInIndex = 0; path = "ice reader.app"; sourceTree = BUILT_PRODUCTS_DIR; };
		B4A9F73229C52F3900F267C6 /* ice_readerApp.swift */ = {isa = PBXFileReference; lastKnownFileType = sourcecode.swift; path = ice_readerApp.swift; sourceTree = "<group>"; };
		B4A9F73429C52F3900F267C6 /* ContentView.swift */ = {isa = PBXFileReference; lastKnownFileType = sourcecode.swift; path = ContentView.swift; sourceTree = "<group>"; };
		B4A9F73629C52F3A00F267C6 /* Assets.xcassets */ = {isa = PBXFileReference; lastKnownFileType = folder.assetcatalog; path = Assets.xcassets; sourceTree = "<group>"; };
		B4A9F73929C52F3A00F267C6 /* Preview Assets.xcassets */ = {isa = PBXFileReference; lastKnownFileType = folder.assetcatalog; path = "Preview Assets.xcassets"; sourceTree = "<group>"; };
		B4A9F73B29C52F3A00F267C6 /* Persistence.swift */ = {isa = PBXFileReference; lastKnownFileType = sourcecode.swift; path = Persistence.swift; sourceTree = "<group>"; };
		B4A9F73E29C52F3A00F267C6 /* ice_reader.xcdatamodel */ = {isa = PBXFileReference; lastKnownFileType = wrapper.xcdatamodel; path = ice_reader.xcdatamodel; sourceTree = "<group>"; };
		B4A9F74629C5313400F267C6 /* 黎明之剑.html */ = {isa = PBXFileReference; fileEncoding = 4; lastKnownFileType = text.html; name = "黎明之剑.html"; path = "../../../../Library/Mobile Documents/com~apple~CloudDocs/Downloads/黎明之剑.html"; sourceTree = "<group>"; };
		B4E7089729C541FA00F70C14 /* BookMainView.swift */ = {isa = PBXFileReference; lastKnownFileType = sourcecode.swift; path = BookMainView.swift; sourceTree = "<group>"; };
		B4E7089929C5420B00F70C14 /* BookShelfView.swift */ = {isa = PBXFileReference; lastKnownFileType = sourcecode.swift; path = BookShelfView.swift; sourceTree = "<group>"; };
		B4E7089B29C5422500F70C14 /* BookVM.swift */ = {isa = PBXFileReference; lastKnownFileType = sourcecode.swift; path = BookVM.swift; sourceTree = "<group>"; };
		B4E7089F29C568FA00F70C14 /* 希灵帝国.txt */ = {isa = PBXFileReference; fileEncoding = 4; lastKnownFileType = text; name = "希灵帝国.txt"; path = "../../../../Library/Mobile Documents/com~apple~CloudDocs/Downloads/希灵帝国.txt"; sourceTree = "<group>"; };
		B4E708A529C569B000F70C14 /* 重生之似水流年.txt */ = {isa = PBXFileReference; fileEncoding = 4; lastKnownFileType = text; name = "重生之似水流年.txt"; path = "../../../../Library/Mobile Documents/com~apple~CloudDocs/Downloads/重生之似水流年.txt"; sourceTree = "<group>"; };
		B4E708A729C569D300F70C14 /* 深空彼岸.txt */ = {isa = PBXFileReference; fileEncoding = 4; lastKnownFileType = text; name = "深空彼岸.txt"; path = "../../../../Library/Mobile Documents/com~apple~CloudDocs/Downloads/深空彼岸.txt"; sourceTree = "<group>"; };
		B4E708AB29C56B2300F70C14 /* 我真没想重生啊.txt */ = {isa = PBXFileReference; fileEncoding = 4; lastKnownFileType = text; name = "我真没想重生啊.txt"; path = "../../../../Library/Mobile Documents/com~apple~CloudDocs/Downloads/我真没想重生啊.txt"; sourceTree = "<group>"; };
		B4E708AD29C56B3E00F70C14 /* 夜的命名术.txt */ = {isa = PBXFileReference; fileEncoding = 4; lastKnownFileType = text; name = "夜的命名术.txt"; path = "../../../../Library/Mobile Documents/com~apple~CloudDocs/Downloads/夜的命名术.txt"; sourceTree = "<group>"; };
		B4E708AF29C56B4500F70C14 /* 大奉打更人.txt */ = {isa = PBXFileReference; fileEncoding = 4; lastKnownFileType = text; name = "大奉打更人.txt"; path = "../../../../Library/Mobile Documents/com~apple~CloudDocs/Downloads/大奉打更人.txt"; sourceTree = "<group>"; };
		B4E708B129C56B6000F70C14 /* 不科学御兽.txt */ = {isa = PBXFileReference; fileEncoding = 4; lastKnownFileType = text; name = "不科学御兽.txt"; path = "../../../../Library/Mobile Documents/com~apple~CloudDocs/Downloads/不科学御兽.txt"; sourceTree = "<group>"; };
		B4E708B329C56B8700F70C14 /* 万道龙皇.txt */ = {isa = PBXFileReference; fileEncoding = 4; lastKnownFileType = text; name = "万道龙皇.txt"; path = "../../../../Library/Mobile Documents/com~apple~CloudDocs/Downloads/万道龙皇.txt"; sourceTree = "<group>"; };
		B4E708B529C56B9D00F70C14 /* 万族之劫.txt */ = {isa = PBXFileReference; fileEncoding = 4; lastKnownFileType = text; name = "万族之劫.txt"; path = "../../../../Library/Mobile Documents/com~apple~CloudDocs/Downloads/万族之劫.txt"; sourceTree = "<group>"; };
		B4E708B729C56BB800F70C14 /* 我打造了旧日支配者神话.txt */ = {isa = PBXFileReference; fileEncoding = 4; lastKnownFileType = text; name = "我打造了旧日支配者神话.txt"; path = "../../../../Library/Mobile Documents/com~apple~CloudDocs/Downloads/我打造了旧日支配者神话.txt"; sourceTree = "<group>"; };
		B4E708B929C56BF600F70C14 /* 镇妖博物馆.html */ = {isa = PBXFileReference; fileEncoding = 4; lastKnownFileType = text.html; name = "镇妖博物馆.html"; path = "../../../../Library/Mobile Documents/com~apple~CloudDocs/Downloads/镇妖博物馆.html"; sourceTree = "<group>"; };
		C700C2815CEBA483424004B4 /* Pods-ice reader.release.xcconfig */ = {isa = PBXFileReference; includeInIndex = 1; lastKnownFileType = text.xcconfig; name = "Pods-ice reader.release.xcconfig"; path = "Target Support Files/Pods-ice reader/Pods-ice reader.release.xcconfig"; sourceTree = "<group>"; };
/* End PBXFileReference section */

/* Begin PBXFrameworksBuildPhase section */
		B4A9F72C29C52F3900F267C6 /* Frameworks */ = {
			isa = PBXFrameworksBuildPhase;
			buildActionMask = 2147483647;
			files = (
				A36B087A3AE434BC3234B23C /* Pods_ice_reader.framework in Frameworks */,
			);
			runOnlyForDeploymentPostprocessing = 0;
		};
/* End PBXFrameworksBuildPhase section */

/* Begin PBXGroup section */
		9860F8F0C77D2A0103CF4A0B /* Pods */ = {
			isa = PBXGroup;
			children = (
				23C148EA6247D7EC1BA4A348 /* Pods-ice reader.debug.xcconfig */,
				C700C2815CEBA483424004B4 /* Pods-ice reader.release.xcconfig */,
			);
			path = Pods;
			sourceTree = "<group>";
		};
		B4977D7229C5C7D600E77370 /* basic */ = {
			isa = PBXGroup;
			children = (
				B4977D7329C5C7F200E77370 /* PercentBar.swift */,
				B403166829C699AC00E02FD0 /* LoadingView.swift */,
			);
			path = basic;
			sourceTree = "<group>";
		};
		B4A9F72629C52F3900F267C6 = {
			isa = PBXGroup;
			children = (
				B4A9F73129C52F3900F267C6 /* ice reader */,
				B4A9F73029C52F3900F267C6 /* Products */,
				9860F8F0C77D2A0103CF4A0B /* Pods */,
				F2FF818589554EA41A165BC5 /* Frameworks */,
			);
			sourceTree = "<group>";
		};
		B4A9F73029C52F3900F267C6 /* Products */ = {
			isa = PBXGroup;
			children = (
				B4A9F72F29C52F3900F267C6 /* ice reader.app */,
			);
			name = Products;
			sourceTree = "<group>";
		};
		B4A9F73129C52F3900F267C6 /* ice reader */ = {
			isa = PBXGroup;
			children = (
				B4E7089629C541E300F70C14 /* App */,
				B4A9F74529C5306300F267C6 /* Resource */,
				B4A9F73229C52F3900F267C6 /* ice_readerApp.swift */,
				B4A9F73429C52F3900F267C6 /* ContentView.swift */,
				B4A9F73629C52F3A00F267C6 /* Assets.xcassets */,
				B4A9F73B29C52F3A00F267C6 /* Persistence.swift */,
				B4A9F73D29C52F3A00F267C6 /* ice_reader.xcdatamodeld */,
				B4A9F73829C52F3A00F267C6 /* Preview Content */,
			);
			path = "ice reader";
			sourceTree = "<group>";
		};
		B4A9F73829C52F3A00F267C6 /* Preview Content */ = {
			isa = PBXGroup;
			children = (
				B4A9F73929C52F3A00F267C6 /* Preview Assets.xcassets */,
			);
			path = "Preview Content";
			sourceTree = "<group>";
		};
		B4A9F74529C5306300F267C6 /* Resource */ = {
			isa = PBXGroup;
			children = (
				B4437ADA2AA62C4D00A7808C /* 天启预报.txt */,
				B4437AD82AA629BC00A7808C /* 才不是魔女.txt */,
				B4A9F74629C5313400F267C6 /* 黎明之剑.html */,
				B4E708B929C56BF600F70C14 /* 镇妖博物馆.html */,
				B4E708AD29C56B3E00F70C14 /* 夜的命名术.txt */,
				B4E708B129C56B6000F70C14 /* 不科学御兽.txt */,
				B4977D5E29C5C03300E77370 /* 全球高武.txt */,
				B4E708AF29C56B4500F70C14 /* 大奉打更人.txt */,
				B4977D4229C5B35700E77370 /* 我的属性修行人生.txt */,
				B4E708AB29C56B2300F70C14 /* 我真没想重生啊.txt */,
				B4977D6329C5C48E00E77370 /* 一念永恒.txt */,
				B4977D6629C5C48E00E77370 /* 亏成首富从游戏开始.txt */,
				B4977D6529C5C48E00E77370 /* 从红月开始.txt */,
				B4977D6829C5C48E00E77370 /* 伏天氏.txt */,
				B4977D6729C5C48E00E77370 /* 全职高手.txt */,
				B4977D6029C5C48E00E77370 /* 奥术神座.txt */,
				B4977D6429C5C48E00E77370 /* 异常生物见闻录.txt */,
				B4977D6229C5C48E00E77370 /* 深夜书屋.txt */,
				B4977D6129C5C48E00E77370 /* 第一序列.txt */,
				B403163C29C6921D00E02FD0 /* 九鼎记.txt */,
				B403163D29C6921D00E02FD0 /* 亲爱的该吃药了.txt */,
				B403163829C6921D00E02FD0 /* 佣兵战争.txt */,
				B403164529C6921E00E02FD0 /* 修真聊天群.txt */,
				B403164829C6921E00E02FD0 /* 全职艺术家.txt */,
				B403164329C6921E00E02FD0 /* 凡人修仙传.txt */,
				B403164929C6921E00E02FD0 /* 大乘期才有逆袭系统.txt */,
				B403164129C6921E00E02FD0 /* 我的徒弟都是大反派.txt */,
				B403164629C6921E00E02FD0 /* 我的治愈系游戏.txt */,
				B403164729C6921E00E02FD0 /* 教主的退休日常.txt */,
				B403164B29C6921E00E02FD0 /* 星门时光之主.txt */,
				B403163929C6921D00E02FD0 /* 末日从噩梦开始.txt */,
				B403164C29C6921E00E02FD0 /* 武侠开局奖励满级神功.txt */,
				B403163E29C6921E00E02FD0 /* 烂柯棋缘.txt */,
				B403163F29C6921E00E02FD0 /* 精灵掌门人.txt */,
				B403164029C6921E00E02FD0 /* 诸界末日在线.txt */,
				B403164D29C6921E00E02FD0 /* 这个剑修有点稳.txt */,
				B403164A29C6921E00E02FD0 /* 遮天.txt */,
				B403164229C6921E00E02FD0 /* 重生后被倒追很正常吧.txt */,
				B403163A29C6921D00E02FD0 /* 长夜余火.txt */,
				B403163B29C6921D00E02FD0 /* 问道红尘.txt */,
				B403164429C6921E00E02FD0 /* 魔临.txt */,
				B4E7089F29C568FA00F70C14 /* 希灵帝国.txt */,
				B4E708A529C569B000F70C14 /* 重生之似水流年.txt */,
				B4E708A729C569D300F70C14 /* 深空彼岸.txt */,
				B4977D5229C5BD3000E77370 /* 超神机械师.html */,
				B4977D5429C5BDAA00E77370 /* 圣墟.txt */,
				B4E708B529C56B9D00F70C14 /* 万族之劫.txt */,
				B4977D5629C5BDF200E77370 /* 牧神记.txt */,
				B4E708B329C56B8700F70C14 /* 万道龙皇.txt */,
				B4977D3A29C58AAB00E77370 /* 诡秘之主.txt */,
				B4E708B729C56BB800F70C14 /* 我打造了旧日支配者神话.txt */,
				B4977D4429C5B5C500E77370 /* 一世之尊.txt */,
				B4977D4729C5B5C600E77370 /* 吞噬星空.txt */,
				B4977D5A29C5BE7B00E77370 /* 完美世界.txt */,
				B4977D5029C5BB7F00E77370 /* 大王饶命.txt */,
				B4977D4529C5B5C600E77370 /* 惊悚乐园.txt */,
				B4977D5829C5BE4500E77370 /* 轮回乐园.txt */,
				B4977D4629C5B5C600E77370 /* 我师兄实在是太稳健了.txt */,
				B4977D4829C5B5C600E77370 /* 我有一座冒险屋.txt */,
				B4977D4929C5B5C600E77370 /* 斗破苍穹.txt */,
			);
			path = Resource;
			sourceTree = "<group>";
		};
		B4E7089629C541E300F70C14 /* App */ = {
			isa = PBXGroup;
			children = (
				B4977D7229C5C7D600E77370 /* basic */,
				B4E7089729C541FA00F70C14 /* BookMainView.swift */,
				B4E7089929C5420B00F70C14 /* BookShelfView.swift */,
				B4E7089B29C5422500F70C14 /* BookVM.swift */,
			);
			path = App;
			sourceTree = "<group>";
		};
		F2FF818589554EA41A165BC5 /* Frameworks */ = {
			isa = PBXGroup;
			children = (
				416A47C19DC4CDF55A4F6510 /* Pods_ice_reader.framework */,
			);
			name = Frameworks;
			sourceTree = "<group>";
		};
/* End PBXGroup section */

/* Begin PBXNativeTarget section */
		B4A9F72E29C52F3900F267C6 /* ice reader */ = {
			isa = PBXNativeTarget;
			buildConfigurationList = B4A9F74229C52F3A00F267C6 /* Build configuration list for PBXNativeTarget "ice reader" */;
			buildPhases = (
				840F3D2EEA8BA08C48867A81 /* [CP] Check Pods Manifest.lock */,
				B4A9F72B29C52F3900F267C6 /* Sources */,
				B4A9F72C29C52F3900F267C6 /* Frameworks */,
				B4A9F72D29C52F3900F267C6 /* Resources */,
				D349D566A07A3B8716210F6A /* [CP] Embed Pods Frameworks */,
			);
			buildRules = (
			);
			dependencies = (
			);
			name = "ice reader";
			productName = "ice reader";
			productReference = B4A9F72F29C52F3900F267C6 /* ice reader.app */;
			productType = "com.apple.product-type.application";
		};
/* End PBXNativeTarget section */

/* Begin PBXProject section */
		B4A9F72729C52F3900F267C6 /* Project object */ = {
			isa = PBXProject;
			attributes = {
				BuildIndependentTargetsInParallel = 1;
				LastSwiftUpdateCheck = 1410;
				LastUpgradeCheck = 1410;
				TargetAttributes = {
					B4A9F72E29C52F3900F267C6 = {
						CreatedOnToolsVersion = 14.1;
					};
				};
			};
			buildConfigurationList = B4A9F72A29C52F3900F267C6 /* Build configuration list for PBXProject "ice reader" */;
			compatibilityVersion = "Xcode 14.0";
			developmentRegion = en;
			hasScannedForEncodings = 0;
			knownRegions = (
				en,
				Base,
			);
			mainGroup = B4A9F72629C52F3900F267C6;
			productRefGroup = B4A9F73029C52F3900F267C6 /* Products */;
			projectDirPath = "";
			projectRoot = "";
			targets = (
				B4A9F72E29C52F3900F267C6 /* ice reader */,
			);
		};
/* End PBXProject section */

/* Begin PBXResourcesBuildPhase section */
		B4A9F72D29C52F3900F267C6 /* Resources */ = {
			isa = PBXResourcesBuildPhase;
			buildActionMask = 2147483647;
			files = (
				B4A9F73A29C52F3A00F267C6 /* Preview Assets.xcassets in Resources */,
				B4E708B429C56B8700F70C14 /* 万道龙皇.txt in Resources */,
				B4977D5529C5BDAA00E77370 /* 圣墟.txt in Resources */,
				B403165729C6921E00E02FD0 /* 我的徒弟都是大反派.txt in Resources */,
				B403165829C6921E00E02FD0 /* 重生后被倒追很正常吧.txt in Resources */,
				B403165A29C6921E00E02FD0 /* 魔临.txt in Resources */,
				B4977D4C29C5B5C600E77370 /* 我师兄实在是太稳健了.txt in Resources */,
				B4E708AC29C56B2300F70C14 /* 我真没想重生啊.txt in Resources */,
				B403166129C6921E00E02FD0 /* 星门时光之主.txt in Resources */,
				B4E708A629C569B000F70C14 /* 重生之似水流年.txt in Resources */,
				B4977D4E29C5B5C600E77370 /* 我有一座冒险屋.txt in Resources */,
				B4E708A029C568FA00F70C14 /* 希灵帝国.txt in Resources */,
				B403166329C6921E00E02FD0 /* 这个剑修有点稳.txt in Resources */,
				B4437AD92AA629BC00A7808C /* 才不是魔女.txt in Resources */,
				B403165529C6921E00E02FD0 /* 精灵掌门人.txt in Resources */,
				B4E708BA29C56BF600F70C14 /* 镇妖博物馆.html in Resources */,
				B4977D3B29C58AAB00E77370 /* 诡秘之主.txt in Resources */,
				B4977D6B29C5C48E00E77370 /* 深夜书屋.txt in Resources */,
				B4977D4329C5B35700E77370 /* 我的属性修行人生.txt in Resources */,
				B403166229C6921E00E02FD0 /* 武侠开局奖励满级神功.txt in Resources */,
				B4977D6D29C5C48E00E77370 /* 异常生物见闻录.txt in Resources */,
				B4977D4D29C5B5C600E77370 /* 吞噬星空.txt in Resources */,
				B403165429C6921E00E02FD0 /* 烂柯棋缘.txt in Resources */,
				B4977D6E29C5C48E00E77370 /* 从红月开始.txt in Resources */,
				B403166029C6921E00E02FD0 /* 遮天.txt in Resources */,
				B4A9F74729C5313400F267C6 /* 黎明之剑.html in Resources */,
				B4977D5929C5BE4500E77370 /* 轮回乐园.txt in Resources */,
				B4437ADB2AA62C4D00A7808C /* 天启预报.txt in Resources */,
				B4E708B229C56B6000F70C14 /* 不科学御兽.txt in Resources */,
				B4977D6929C5C48E00E77370 /* 奥术神座.txt in Resources */,
				B403164E29C6921E00E02FD0 /* 佣兵战争.txt in Resources */,
				B4977D5729C5BDF200E77370 /* 牧神记.txt in Resources */,
				B403165029C6921E00E02FD0 /* 长夜余火.txt in Resources */,
				B403165B29C6921E00E02FD0 /* 修真聊天群.txt in Resources */,
				B4977D6A29C5C48E00E77370 /* 第一序列.txt in Resources */,
				B4977D5129C5BB7F00E77370 /* 大王饶命.txt in Resources */,
				B403165C29C6921E00E02FD0 /* 我的治愈系游戏.txt in Resources */,
				B403165D29C6921E00E02FD0 /* 教主的退休日常.txt in Resources */,
				B403165229C6921E00E02FD0 /* 九鼎记.txt in Resources */,
				B4977D6F29C5C48E00E77370 /* 亏成首富从游戏开始.txt in Resources */,
				B4977D7029C5C48E00E77370 /* 全职高手.txt in Resources */,
				B403165E29C6921E00E02FD0 /* 全职艺术家.txt in Resources */,
				B4977D6C29C5C48E00E77370 /* 一念永恒.txt in Resources */,
				B403165629C6921E00E02FD0 /* 诸界末日在线.txt in Resources */,
				B4977D4A29C5B5C600E77370 /* 一世之尊.txt in Resources */,
				B4A9F73729C52F3A00F267C6 /* Assets.xcassets in Resources */,
				B4E708B629C56B9D00F70C14 /* 万族之劫.txt in Resources */,
				B4977D7129C5C48E00E77370 /* 伏天氏.txt in Resources */,
				B4977D5B29C5BE7B00E77370 /* 完美世界.txt in Resources */,
				B403164F29C6921E00E02FD0 /* 末日从噩梦开始.txt in Resources */,
				B403165F29C6921E00E02FD0 /* 大乘期才有逆袭系统.txt in Resources */,
				B403165129C6921E00E02FD0 /* 问道红尘.txt in Resources */,
				B4E708B029C56B4500F70C14 /* 大奉打更人.txt in Resources */,
				B4E708B829C56BB800F70C14 /* 我打造了旧日支配者神话.txt in Resources */,
				B403165329C6921E00E02FD0 /* 亲爱的该吃药了.txt in Resources */,
				B4977D4B29C5B5C600E77370 /* 惊悚乐园.txt in Resources */,
				B4977D5329C5BD3000E77370 /* 超神机械师.html in Resources */,
				B4E708AE29C56B3E00F70C14 /* 夜的命名术.txt in Resources */,
				B4977D5F29C5C03300E77370 /* 全球高武.txt in Resources */,
				B4E708A829C569D300F70C14 /* 深空彼岸.txt in Resources */,
				B403165929C6921E00E02FD0 /* 凡人修仙传.txt in Resources */,
				B4977D4F29C5B5C600E77370 /* 斗破苍穹.txt in Resources */,
			);
			runOnlyForDeploymentPostprocessing = 0;
		};
/* End PBXResourcesBuildPhase section */

/* Begin PBXShellScriptBuildPhase section */
		840F3D2EEA8BA08C48867A81 /* [CP] Check Pods Manifest.lock */ = {
			isa = PBXShellScriptBuildPhase;
			buildActionMask = 2147483647;
			files = (
			);
			inputFileListPaths = (
			);
			inputPaths = (
				"${PODS_PODFILE_DIR_PATH}/Podfile.lock",
				"${PODS_ROOT}/Manifest.lock",
			);
			name = "[CP] Check Pods Manifest.lock";
			outputFileListPaths = (
			);
			outputPaths = (
				"$(DERIVED_FILE_DIR)/Pods-ice reader-checkManifestLockResult.txt",
			);
			runOnlyForDeploymentPostprocessing = 0;
			shellPath = /bin/sh;
			shellScript = "diff \"${PODS_PODFILE_DIR_PATH}/Podfile.lock\" \"${PODS_ROOT}/Manifest.lock\" > /dev/null\nif [ $? != 0 ] ; then\n    # print error to STDERR\n    echo \"error: The sandbox is not in sync with the Podfile.lock. Run 'pod install' or update your CocoaPods installation.\" >&2\n    exit 1\nfi\n# This output is used by Xcode 'outputs' to avoid re-running this script phase.\necho \"SUCCESS\" > \"${SCRIPT_OUTPUT_FILE_0}\"\n";
			showEnvVarsInLog = 0;
		};
		D349D566A07A3B8716210F6A /* [CP] Embed Pods Frameworks */ = {
			isa = PBXShellScriptBuildPhase;
			buildActionMask = 2147483647;
			files = (
			);
			inputFileListPaths = (
				"${PODS_ROOT}/Target Support Files/Pods-ice reader/Pods-ice reader-frameworks-${CONFIGURATION}-input-files.xcfilelist",
			);
			name = "[CP] Embed Pods Frameworks";
			outputFileListPaths = (
				"${PODS_ROOT}/Target Support Files/Pods-ice reader/Pods-ice reader-frameworks-${CONFIGURATION}-output-files.xcfilelist",
			);
			runOnlyForDeploymentPostprocessing = 0;
			shellPath = /bin/sh;
			shellScript = "\"${PODS_ROOT}/Target Support Files/Pods-ice reader/Pods-ice reader-frameworks.sh\"\n";
			showEnvVarsInLog = 0;
		};
/* End PBXShellScriptBuildPhase section */

/* Begin PBXSourcesBuildPhase section */
		B4A9F72B29C52F3900F267C6 /* Sources */ = {
			isa = PBXSourcesBuildPhase;
			buildActionMask = 2147483647;
			files = (
				B4A9F73C29C52F3A00F267C6 /* Persistence.swift in Sources */,
				B4977D7429C5C7F200E77370 /* PercentBar.swift in Sources */,
				B4E7089C29C5422500F70C14 /* BookVM.swift in Sources */,
				B4A9F73529C52F3900F267C6 /* ContentView.swift in Sources */,
				B4E7089A29C5420B00F70C14 /* BookShelfView.swift in Sources */,
				B4A9F73F29C52F3A00F267C6 /* ice_reader.xcdatamodeld in Sources */,
				B4A9F73329C52F3900F267C6 /* ice_readerApp.swift in Sources */,
				B4E7089829C541FA00F70C14 /* BookMainView.swift in Sources */,
				B403166929C699AC00E02FD0 /* LoadingView.swift in Sources */,
			);
			runOnlyForDeploymentPostprocessing = 0;
		};
/* End PBXSourcesBuildPhase section */

/* Begin XCBuildConfiguration section */
		B4A9F74029C52F3A00F267C6 /* Debug */ = {
			isa = XCBuildConfiguration;
			buildSettings = {
				ALWAYS_SEARCH_USER_PATHS = NO;
				CLANG_ANALYZER_NONNULL = YES;
				CLANG_ANALYZER_NUMBER_OBJECT_CONVERSION = YES_AGGRESSIVE;
				CLANG_CXX_LANGUAGE_STANDARD = "gnu++20";
				CLANG_ENABLE_MODULES = YES;
				CLANG_ENABLE_OBJC_ARC = YES;
				CLANG_ENABLE_OBJC_WEAK = YES;
				CLANG_WARN_BLOCK_CAPTURE_AUTORELEASING = YES;
				CLANG_WARN_BOOL_CONVERSION = YES;
				CLANG_WARN_COMMA = YES;
				CLANG_WARN_CONSTANT_CONVERSION = YES;
				CLANG_WARN_DEPRECATED_OBJC_IMPLEMENTATIONS = YES;
				CLANG_WARN_DIRECT_OBJC_ISA_USAGE = YES_ERROR;
				CLANG_WARN_DOCUMENTATION_COMMENTS = YES;
				CLANG_WARN_EMPTY_BODY = YES;
				CLANG_WARN_ENUM_CONVERSION = YES;
				CLANG_WARN_INFINITE_RECURSION = YES;
				CLANG_WARN_INT_CONVERSION = YES;
				CLANG_WARN_NON_LITERAL_NULL_CONVERSION = YES;
				CLANG_WARN_OBJC_IMPLICIT_RETAIN_SELF = YES;
				CLANG_WARN_OBJC_LITERAL_CONVERSION = YES;
				CLANG_WARN_OBJC_ROOT_CLASS = YES_ERROR;
				CLANG_WARN_QUOTED_INCLUDE_IN_FRAMEWORK_HEADER = YES;
				CLANG_WARN_RANGE_LOOP_ANALYSIS = YES;
				CLANG_WARN_STRICT_PROTOTYPES = YES;
				CLANG_WARN_SUSPICIOUS_MOVE = YES;
				CLANG_WARN_UNGUARDED_AVAILABILITY = YES_AGGRESSIVE;
				CLANG_WARN_UNREACHABLE_CODE = YES;
				CLANG_WARN__DUPLICATE_METHOD_MATCH = YES;
				COPY_PHASE_STRIP = NO;
				DEBUG_INFORMATION_FORMAT = dwarf;
				ENABLE_STRICT_OBJC_MSGSEND = YES;
				ENABLE_TESTABILITY = YES;
				GCC_C_LANGUAGE_STANDARD = gnu11;
				GCC_DYNAMIC_NO_PIC = NO;
				GCC_NO_COMMON_BLOCKS = YES;
				GCC_OPTIMIZATION_LEVEL = 0;
				GCC_PREPROCESSOR_DEFINITIONS = (
					"DEBUG=1",
					"$(inherited)",
				);
				GCC_WARN_64_TO_32_BIT_CONVERSION = YES;
				GCC_WARN_ABOUT_RETURN_TYPE = YES_ERROR;
				GCC_WARN_UNDECLARED_SELECTOR = YES;
				GCC_WARN_UNINITIALIZED_AUTOS = YES_AGGRESSIVE;
				GCC_WARN_UNUSED_FUNCTION = YES;
				GCC_WARN_UNUSED_VARIABLE = YES;
				IPHONEOS_DEPLOYMENT_TARGET = 16.1;
				MTL_ENABLE_DEBUG_INFO = INCLUDE_SOURCE;
				MTL_FAST_MATH = YES;
				ONLY_ACTIVE_ARCH = YES;
				SDKROOT = iphoneos;
				SWIFT_ACTIVE_COMPILATION_CONDITIONS = DEBUG;
				SWIFT_OPTIMIZATION_LEVEL = "-Onone";
			};
			name = Debug;
		};
		B4A9F74129C52F3A00F267C6 /* Release */ = {
			isa = XCBuildConfiguration;
			buildSettings = {
				ALWAYS_SEARCH_USER_PATHS = NO;
				CLANG_ANALYZER_NONNULL = YES;
				CLANG_ANALYZER_NUMBER_OBJECT_CONVERSION = YES_AGGRESSIVE;
				CLANG_CXX_LANGUAGE_STANDARD = "gnu++20";
				CLANG_ENABLE_MODULES = YES;
				CLANG_ENABLE_OBJC_ARC = YES;
				CLANG_ENABLE_OBJC_WEAK = YES;
				CLANG_WARN_BLOCK_CAPTURE_AUTORELEASING = YES;
				CLANG_WARN_BOOL_CONVERSION = YES;
				CLANG_WARN_COMMA = YES;
				CLANG_WARN_CONSTANT_CONVERSION = YES;
				CLANG_WARN_DEPRECATED_OBJC_IMPLEMENTATIONS = YES;
				CLANG_WARN_DIRECT_OBJC_ISA_USAGE = YES_ERROR;
				CLANG_WARN_DOCUMENTATION_COMMENTS = YES;
				CLANG_WARN_EMPTY_BODY = YES;
				CLANG_WARN_ENUM_CONVERSION = YES;
				CLANG_WARN_INFINITE_RECURSION = YES;
				CLANG_WARN_INT_CONVERSION = YES;
				CLANG_WARN_NON_LITERAL_NULL_CONVERSION = YES;
				CLANG_WARN_OBJC_IMPLICIT_RETAIN_SELF = YES;
				CLANG_WARN_OBJC_LITERAL_CONVERSION = YES;
				CLANG_WARN_OBJC_ROOT_CLASS = YES_ERROR;
				CLANG_WARN_QUOTED_INCLUDE_IN_FRAMEWORK_HEADER = YES;
				CLANG_WARN_RANGE_LOOP_ANALYSIS = YES;
				CLANG_WARN_STRICT_PROTOTYPES = YES;
				CLANG_WARN_SUSPICIOUS_MOVE = YES;
				CLANG_WARN_UNGUARDED_AVAILABILITY = YES_AGGRESSIVE;
				CLANG_WARN_UNREACHABLE_CODE = YES;
				CLANG_WARN__DUPLICATE_METHOD_MATCH = YES;
				COPY_PHASE_STRIP = NO;
				DEBUG_INFORMATION_FORMAT = "dwarf-with-dsym";
				ENABLE_NS_ASSERTIONS = NO;
				ENABLE_STRICT_OBJC_MSGSEND = YES;
				GCC_C_LANGUAGE_STANDARD = gnu11;
				GCC_NO_COMMON_BLOCKS = YES;
				GCC_WARN_64_TO_32_BIT_CONVERSION = YES;
				GCC_WARN_ABOUT_RETURN_TYPE = YES_ERROR;
				GCC_WARN_UNDECLARED_SELECTOR = YES;
				GCC_WARN_UNINITIALIZED_AUTOS = YES_AGGRESSIVE;
				GCC_WARN_UNUSED_FUNCTION = YES;
				GCC_WARN_UNUSED_VARIABLE = YES;
				IPHONEOS_DEPLOYMENT_TARGET = 16.1;
				MTL_ENABLE_DEBUG_INFO = NO;
				MTL_FAST_MATH = YES;
				SDKROOT = iphoneos;
				SWIFT_COMPILATION_MODE = wholemodule;
				SWIFT_OPTIMIZATION_LEVEL = "-O";
				VALIDATE_PRODUCT = YES;
			};
			name = Release;
		};
		B4A9F74329C52F3A00F267C6 /* Debug */ = {
			isa = XCBuildConfiguration;
			baseConfigurationReference = 23C148EA6247D7EC1BA4A348 /* Pods-ice reader.debug.xcconfig */;
			buildSettings = {
				ASSETCATALOG_COMPILER_APPICON_NAME = AppIcon;
				ASSETCATALOG_COMPILER_GLOBAL_ACCENT_COLOR_NAME = AccentColor;
				CODE_SIGN_STYLE = Automatic;
				CURRENT_PROJECT_VERSION = 1;
				DEVELOPMENT_ASSET_PATHS = "\"ice reader/Preview Content\"";
				DEVELOPMENT_TEAM = 39R699SCD9;
				ENABLE_PREVIEWS = YES;
				GENERATE_INFOPLIST_FILE = YES;
				INFOPLIST_KEY_LSApplicationCategoryType = "public.app-category.books";
				INFOPLIST_KEY_UIApplicationSceneManifest_Generation = YES;
				INFOPLIST_KEY_UIApplicationSupportsIndirectInputEvents = YES;
				INFOPLIST_KEY_UILaunchScreen_Generation = YES;
				INFOPLIST_KEY_UISupportedInterfaceOrientations = UIInterfaceOrientationPortrait;
				INFOPLIST_KEY_UISupportedInterfaceOrientations_iPad = "UIInterfaceOrientationLandscapeLeft UIInterfaceOrientationLandscapeRight";
				LD_RUNPATH_SEARCH_PATHS = (
					"$(inherited)",
					"@executable_path/Frameworks",
				);
				MARKETING_VERSION = 1.1;
				PRODUCT_BUNDLE_IDENTIFIER = "Tropical-fish.ice-reader";
				PRODUCT_NAME = "$(TARGET_NAME)";
				SWIFT_EMIT_LOC_STRINGS = YES;
				SWIFT_VERSION = 5.0;
				TARGETED_DEVICE_FAMILY = "1,2";
			};
			name = Debug;
		};
		B4A9F74429C52F3A00F267C6 /* Release */ = {
			isa = XCBuildConfiguration;
			baseConfigurationReference = C700C2815CEBA483424004B4 /* Pods-ice reader.release.xcconfig */;
			buildSettings = {
				ASSETCATALOG_COMPILER_APPICON_NAME = AppIcon;
				ASSETCATALOG_COMPILER_GLOBAL_ACCENT_COLOR_NAME = AccentColor;
				CODE_SIGN_STYLE = Automatic;
				CURRENT_PROJECT_VERSION = 1;
				DEVELOPMENT_ASSET_PATHS = "\"ice reader/Preview Content\"";
				DEVELOPMENT_TEAM = 39R699SCD9;
				ENABLE_PREVIEWS = YES;
				GENERATE_INFOPLIST_FILE = YES;
				INFOPLIST_KEY_LSApplicationCategoryType = "public.app-category.books";
				INFOPLIST_KEY_UIApplicationSceneManifest_Generation = YES;
				INFOPLIST_KEY_UIApplicationSupportsIndirectInputEvents = YES;
				INFOPLIST_KEY_UILaunchScreen_Generation = YES;
				INFOPLIST_KEY_UISupportedInterfaceOrientations = UIInterfaceOrientationPortrait;
				INFOPLIST_KEY_UISupportedInterfaceOrientations_iPad = "UIInterfaceOrientationLandscapeLeft UIInterfaceOrientationLandscapeRight";
				LD_RUNPATH_SEARCH_PATHS = (
					"$(inherited)",
					"@executable_path/Frameworks",
				);
				MARKETING_VERSION = 1.1;
				PRODUCT_BUNDLE_IDENTIFIER = "Tropical-fish.ice-reader";
				PRODUCT_NAME = "$(TARGET_NAME)";
				SWIFT_EMIT_LOC_STRINGS = YES;
				SWIFT_VERSION = 5.0;
				TARGETED_DEVICE_FAMILY = "1,2";
			};
			name = Release;
		};
/* End XCBuildConfiguration section */

/* Begin XCConfigurationList section */
		B4A9F72A29C52F3900F267C6 /* Build configuration list for PBXProject "ice reader" */ = {
			isa = XCConfigurationList;
			buildConfigurations = (
				B4A9F74029C52F3A00F267C6 /* Debug */,
				B4A9F74129C52F3A00F267C6 /* Release */,
			);
			defaultConfigurationIsVisible = 0;
			defaultConfigurationName = Release;
		};
		B4A9F74229C52F3A00F267C6 /* Build configuration list for PBXNativeTarget "ice reader" */ = {
			isa = XCConfigurationList;
			buildConfigurations = (
				B4A9F74329C52F3A00F267C6 /* Debug */,
				B4A9F74429C52F3A00F267C6 /* Release */,
			);
			defaultConfigurationIsVisible = 0;
			defaultConfigurationName = Release;
		};
/* End XCConfigurationList section */

/* Begin XCVersionGroup section */
		B4A9F73D29C52F3A00F267C6 /* ice_reader.xcdatamodeld */ = {
			isa = XCVersionGroup;
			children = (
				B4A9F73E29C52F3A00F267C6 /* ice_reader.xcdatamodel */,
			);
			currentVersion = B4A9F73E29C52F3A00F267C6 /* ice_reader.xcdatamodel */;
			path = ice_reader.xcdatamodeld;
			sourceTree = "<group>";
			versionGroupType = wrapper.xcdatamodel;
		};
/* End XCVersionGroup section */
	};
	rootObject = B4A9F72729C52F3900F267C6 /* Project object */;
}
