// !$*UTF8*$!
{
	archiveVersion = 1;
	classes = {
	};
	objectVersion = 56;
	objects = {

/* Begin PBXBuildFile section */
		A36B087A3AE434BC3234B23C /* Pods_ice_reader.framework in Frameworks */ = {isa = PBXBuildFile; fileRef = 416A47C19DC4CDF55A4F6510 /* Pods_ice_reader.framework */; };
		A52754882E965B70005B054A /* 凡人仙界篇.txt in Resources */ = {isa = PBXBuildFile; fileRef = A52754862E965B70005B054A /* 凡人仙界篇.txt */; };
		A52754892E965B70005B054A /* 凡人修仙篇.txt in Resources */ = {isa = PBXBuildFile; fileRef = A52754872E965B70005B054A /* 凡人修仙篇.txt */; };
		A52BCCD22BD2A43F00FD4853 /* 精灵掌门人.txt in Resources */ = {isa = PBXBuildFile; fileRef = A52BCCB32BD2A43E00FD4853 /* 精灵掌门人.txt */; };
		A52BCCD32BD2A43F00FD4853 /* 牧神记.txt in Resources */ = {isa = PBXBuildFile; fileRef = A52BCCB42BD2A43E00FD4853 /* 牧神记.txt */; };
		A52BCCD42BD2A43F00FD4853 /* 全职艺术家.txt in Resources */ = {isa = PBXBuildFile; fileRef = A52BCCB52BD2A43E00FD4853 /* 全职艺术家.txt */; };
		A52BCCD52BD2A43F00FD4853 /* 一世之尊.txt in Resources */ = {isa = PBXBuildFile; fileRef = A52BCCB62BD2A43E00FD4853 /* 一世之尊.txt */; };
		A52BCCD62BD2A43F00FD4853 /* 问道红尘.txt in Resources */ = {isa = PBXBuildFile; fileRef = A52BCCB72BD2A43E00FD4853 /* 问道红尘.txt */; };
		A52BCCD72BD2A43F00FD4853 /* 长夜余火.txt in Resources */ = {isa = PBXBuildFile; fileRef = A52BCCB82BD2A43E00FD4853 /* 长夜余火.txt */; };
		A52BCCD82BD2A43F00FD4853 /* 烂柯棋缘.txt in Resources */ = {isa = PBXBuildFile; fileRef = A52BCCB92BD2A43E00FD4853 /* 烂柯棋缘.txt */; };
		A52BCCD92BD2A43F00FD4853 /* 吞噬星空.txt in Resources */ = {isa = PBXBuildFile; fileRef = A52BCCBA2BD2A43E00FD4853 /* 吞噬星空.txt */; };
		A52BCCDA2BD2A43F00FD4853 /* 亲爱的该吃药了.txt in Resources */ = {isa = PBXBuildFile; fileRef = A52BCCBB2BD2A43E00FD4853 /* 亲爱的该吃药了.txt */; };
		A52BCCDB2BD2A43F00FD4853 /* 遮天.txt in Resources */ = {isa = PBXBuildFile; fileRef = A52BCCBC2BD2A43E00FD4853 /* 遮天.txt */; };
		A52BCCDC2BD2A43F00FD4853 /* 不科学御兽.txt in Resources */ = {isa = PBXBuildFile; fileRef = A52BCCBD2BD2A43E00FD4853 /* 不科学御兽.txt */; };
		A52BCCDD2BD2A43F00FD4853 /* 一念永恒.txt in Resources */ = {isa = PBXBuildFile; fileRef = A52BCCBE2BD2A43E00FD4853 /* 一念永恒.txt */; };
		A52BCCDE2BD2A43F00FD4853 /* 圣墟.txt in Resources */ = {isa = PBXBuildFile; fileRef = A52BCCBF2BD2A43F00FD4853 /* 圣墟.txt */; };
		A52BCCDF2BD2A43F00FD4853 /* 我有一座冒险屋.txt in Resources */ = {isa = PBXBuildFile; fileRef = A52BCCC02BD2A43F00FD4853 /* 我有一座冒险屋.txt */; };
		A52BCCE02BD2A43F00FD4853 /* 大乘期才有逆袭系统.txt in Resources */ = {isa = PBXBuildFile; fileRef = A52BCCC12BD2A43F00FD4853 /* 大乘期才有逆袭系统.txt */; };
		A52BCCE12BD2A43F00FD4853 /* 惊悚乐园.txt in Resources */ = {isa = PBXBuildFile; fileRef = A52BCCC22BD2A43F00FD4853 /* 惊悚乐园.txt */; };
		A52BCCE22BD2A43F00FD4853 /* 希灵帝国.txt in Resources */ = {isa = PBXBuildFile; fileRef = A52BCCC32BD2A43F00FD4853 /* 希灵帝国.txt */; };
		A52BCCE32BD2A43F00FD4853 /* 我师兄实在太稳健了.txt in Resources */ = {isa = PBXBuildFile; fileRef = A52BCCC42BD2A43F00FD4853 /* 我师兄实在太稳健了.txt */; };
		A52BCCE42BD2A43F00FD4853 /* 镇妖博物馆.txt in Resources */ = {isa = PBXBuildFile; fileRef = A52BCCC52BD2A43F00FD4853 /* 镇妖博物馆.txt */; };
		A52BCCE52BD2A43F00FD4853 /* 我打造了旧日支配者神话.txt in Resources */ = {isa = PBXBuildFile; fileRef = A52BCCC62BD2A43F00FD4853 /* 我打造了旧日支配者神话.txt */; };
		A52BCCE62BD2A43F00FD4853 /* 凡人修仙传.txt in Resources */ = {isa = PBXBuildFile; fileRef = A52BCCC72BD2A43F00FD4853 /* 凡人修仙传.txt */; };
		A52BCCE72BD2A43F00FD4853 /* 修真聊天群.txt in Resources */ = {isa = PBXBuildFile; fileRef = A52BCCC82BD2A43F00FD4853 /* 修真聊天群.txt */; };
		A52BCCE82BD2A43F00FD4853 /* 全球高武.txt in Resources */ = {isa = PBXBuildFile; fileRef = A52BCCC92BD2A43F00FD4853 /* 全球高武.txt */; };
		A52BCCE92BD2A43F00FD4853 /* 大奉打更人.txt in Resources */ = {isa = PBXBuildFile; fileRef = A52BCCCA2BD2A43F00FD4853 /* 大奉打更人.txt */; };
		A52BCCEA2BD2A43F00FD4853 /* 异常生物见闻录.txt in Resources */ = {isa = PBXBuildFile; fileRef = A52BCCCB2BD2A43F00FD4853 /* 异常生物见闻录.txt */; };
		A52BCCEB2BD2A43F00FD4853 /* 星门时光之主.txt in Resources */ = {isa = PBXBuildFile; fileRef = A52BCCCC2BD2A43F00FD4853 /* 星门时光之主.txt */; };
		A52BCCEC2BD2A43F00FD4853 /* 夜的命名术.txt in Resources */ = {isa = PBXBuildFile; fileRef = A52BCCCD2BD2A43F00FD4853 /* 夜的命名术.txt */; };
		A52BCCED2BD2A43F00FD4853 /* 奥术神座.txt in Resources */ = {isa = PBXBuildFile; fileRef = A52BCCCE2BD2A43F00FD4853 /* 奥术神座.txt */; };
		A52BCCEE2BD2A43F00FD4853 /* 我真没想重生啊.txt in Resources */ = {isa = PBXBuildFile; fileRef = A52BCCCF2BD2A43F00FD4853 /* 我真没想重生啊.txt */; };
		A52BCCEF2BD2A43F00FD4853 /* 魔临.txt in Resources */ = {isa = PBXBuildFile; fileRef = A52BCCD02BD2A43F00FD4853 /* 魔临.txt */; };
		A52BCCF02BD2A43F00FD4853 /* 我的属性修行人生.txt in Resources */ = {isa = PBXBuildFile; fileRef = A52BCCD12BD2A43F00FD4853 /* 我的属性修行人生.txt */; };
		B403166929C699AC00E02FD0 /* LoadingView.swift in Sources */ = {isa = PBXBuildFile; fileRef = B403166829C699AC00E02FD0 /* LoadingView.swift */; };
		B48911042AB3398E0074343E /* CloudManager.swift in Sources */ = {isa = PBXBuildFile; fileRef = B48911032AB3398E0074343E /* CloudManager.swift */; };
		B48911062AB33F3B0074343E /* MKiCloudSync.m in Sources */ = {isa = PBXBuildFile; fileRef = B48911052AB33F3B0074343E /* MKiCloudSync.m */; };
		B4977D7429C5C7F200E77370 /* PercentBar.swift in Sources */ = {isa = PBXBuildFile; fileRef = B4977D7329C5C7F200E77370 /* PercentBar.swift */; };
		B4A9F73329C52F3900F267C6 /* ice_readerApp.swift in Sources */ = {isa = PBXBuildFile; fileRef = B4A9F73229C52F3900F267C6 /* ice_readerApp.swift */; };
		B4A9F73529C52F3900F267C6 /* ContentView.swift in Sources */ = {isa = PBXBuildFile; fileRef = B4A9F73429C52F3900F267C6 /* ContentView.swift */; };
		B4A9F73729C52F3A00F267C6 /* Assets.xcassets in Resources */ = {isa = PBXBuildFile; fileRef = B4A9F73629C52F3A00F267C6 /* Assets.xcassets */; };
		B4A9F73A29C52F3A00F267C6 /* Preview Assets.xcassets in Resources */ = {isa = PBXBuildFile; fileRef = B4A9F73929C52F3A00F267C6 /* Preview Assets.xcassets */; };
		B4A9F73C29C52F3A00F267C6 /* Persistence.swift in Sources */ = {isa = PBXBuildFile; fileRef = B4A9F73B29C52F3A00F267C6 /* Persistence.swift */; };
		B4A9F73F29C52F3A00F267C6 /* ice_reader.xcdatamodeld in Sources */ = {isa = PBXBuildFile; fileRef = B4A9F73D29C52F3A00F267C6 /* ice_reader.xcdatamodeld */; };
		B4E7089829C541FA00F70C14 /* BookMainView.swift in Sources */ = {isa = PBXBuildFile; fileRef = B4E7089729C541FA00F70C14 /* BookMainView.swift */; };
		B4E7089A29C5420B00F70C14 /* BookShelfView.swift in Sources */ = {isa = PBXBuildFile; fileRef = B4E7089929C5420B00F70C14 /* BookShelfView.swift */; };
		B4E7089C29C5422500F70C14 /* BookVM.swift in Sources */ = {isa = PBXBuildFile; fileRef = B4E7089B29C5422500F70C14 /* BookVM.swift */; };
/* End PBXBuildFile section */

/* Begin PBXFileReference section */
		23C148EA6247D7EC1BA4A348 /* Pods-ice reader.debug.xcconfig */ = {isa = PBXFileReference; includeInIndex = 1; lastKnownFileType = text.xcconfig; name = "Pods-ice reader.debug.xcconfig"; path = "Target Support Files/Pods-ice reader/Pods-ice reader.debug.xcconfig"; sourceTree = "<group>"; };
		416A47C19DC4CDF55A4F6510 /* Pods_ice_reader.framework */ = {isa = PBXFileReference; explicitFileType = wrapper.framework; includeInIndex = 0; path = Pods_ice_reader.framework; sourceTree = BUILT_PRODUCTS_DIR; };
		A52754862E965B70005B054A /* 凡人仙界篇.txt */ = {isa = PBXFileReference; lastKnownFileType = text; name = "凡人仙界篇.txt"; path = "../novels/凡人仙界篇.txt"; sourceTree = SOURCE_ROOT; };
		A52754872E965B70005B054A /* 凡人修仙篇.txt */ = {isa = PBXFileReference; lastKnownFileType = text; name = "凡人修仙篇.txt"; path = "../novels/凡人修仙篇.txt"; sourceTree = SOURCE_ROOT; };
		A52BCCB32BD2A43E00FD4853 /* 精灵掌门人.txt */ = {isa = PBXFileReference; fileEncoding = 4; lastKnownFileType = text; name = "精灵掌门人.txt"; path = "../../../novels/精灵掌门人.txt"; sourceTree = "<group>"; };
		A52BCCB42BD2A43E00FD4853 /* 牧神记.txt */ = {isa = PBXFileReference; fileEncoding = 4; lastKnownFileType = text; name = "牧神记.txt"; path = "../../../novels/牧神记.txt"; sourceTree = "<group>"; };
		A52BCCB52BD2A43E00FD4853 /* 全职艺术家.txt */ = {isa = PBXFileReference; fileEncoding = 4; lastKnownFileType = text; name = "全职艺术家.txt"; path = "../../../novels/全职艺术家.txt"; sourceTree = "<group>"; };
		A52BCCB62BD2A43E00FD4853 /* 一世之尊.txt */ = {isa = PBXFileReference; fileEncoding = 4; lastKnownFileType = text; name = "一世之尊.txt"; path = "../../../novels/一世之尊.txt"; sourceTree = "<group>"; };
		A52BCCB72BD2A43E00FD4853 /* 问道红尘.txt */ = {isa = PBXFileReference; fileEncoding = 4; lastKnownFileType = text; name = "问道红尘.txt"; path = "../../../novels/问道红尘.txt"; sourceTree = "<group>"; };
		A52BCCB82BD2A43E00FD4853 /* 长夜余火.txt */ = {isa = PBXFileReference; fileEncoding = 4; lastKnownFileType = text; name = "长夜余火.txt"; path = "../../../novels/长夜余火.txt"; sourceTree = "<group>"; };
		A52BCCB92BD2A43E00FD4853 /* 烂柯棋缘.txt */ = {isa = PBXFileReference; fileEncoding = 4; lastKnownFileType = text; name = "烂柯棋缘.txt"; path = "../../../novels/烂柯棋缘.txt"; sourceTree = "<group>"; };
		A52BCCBA2BD2A43E00FD4853 /* 吞噬星空.txt */ = {isa = PBXFileReference; fileEncoding = 4; lastKnownFileType = text; name = "吞噬星空.txt"; path = "../../../novels/吞噬星空.txt"; sourceTree = "<group>"; };
		A52BCCBB2BD2A43E00FD4853 /* 亲爱的该吃药了.txt */ = {isa = PBXFileReference; fileEncoding = 4; lastKnownFileType = text; name = "亲爱的该吃药了.txt"; path = "../../../novels/亲爱的该吃药了.txt"; sourceTree = "<group>"; };
		A52BCCBC2BD2A43E00FD4853 /* 遮天.txt */ = {isa = PBXFileReference; fileEncoding = 4; lastKnownFileType = text; name = "遮天.txt"; path = "../../../novels/遮天.txt"; sourceTree = "<group>"; };
		A52BCCBD2BD2A43E00FD4853 /* 不科学御兽.txt */ = {isa = PBXFileReference; fileEncoding = 4; lastKnownFileType = text; name = "不科学御兽.txt"; path = "../../../novels/不科学御兽.txt"; sourceTree = "<group>"; };
		A52BCCBE2BD2A43E00FD4853 /* 一念永恒.txt */ = {isa = PBXFileReference; fileEncoding = 4; lastKnownFileType = text; name = "一念永恒.txt"; path = "../../../novels/一念永恒.txt"; sourceTree = "<group>"; };
		A52BCCBF2BD2A43F00FD4853 /* 圣墟.txt */ = {isa = PBXFileReference; fileEncoding = 4; lastKnownFileType = text; name = "圣墟.txt"; path = "../../../novels/圣墟.txt"; sourceTree = "<group>"; };
		A52BCCC02BD2A43F00FD4853 /* 我有一座冒险屋.txt */ = {isa = PBXFileReference; fileEncoding = 4; lastKnownFileType = text; name = "我有一座冒险屋.txt"; path = "../../../novels/我有一座冒险屋.txt"; sourceTree = "<group>"; };
		A52BCCC12BD2A43F00FD4853 /* 大乘期才有逆袭系统.txt */ = {isa = PBXFileReference; fileEncoding = 4; lastKnownFileType = text; name = "大乘期才有逆袭系统.txt"; path = "../../../novels/大乘期才有逆袭系统.txt"; sourceTree = "<group>"; };
		A52BCCC22BD2A43F00FD4853 /* 惊悚乐园.txt */ = {isa = PBXFileReference; fileEncoding = 4; lastKnownFileType = text; name = "惊悚乐园.txt"; path = "../../../novels/惊悚乐园.txt"; sourceTree = "<group>"; };
		A52BCCC32BD2A43F00FD4853 /* 希灵帝国.txt */ = {isa = PBXFileReference; fileEncoding = 4; lastKnownFileType = text; name = "希灵帝国.txt"; path = "../../../novels/希灵帝国.txt"; sourceTree = "<group>"; };
		A52BCCC42BD2A43F00FD4853 /* 我师兄实在太稳健了.txt */ = {isa = PBXFileReference; fileEncoding = 4; lastKnownFileType = text; name = "我师兄实在太稳健了.txt"; path = "../../../novels/我师兄实在太稳健了.txt"; sourceTree = "<group>"; };
		A52BCCC52BD2A43F00FD4853 /* 镇妖博物馆.txt */ = {isa = PBXFileReference; fileEncoding = 4; lastKnownFileType = text; name = "镇妖博物馆.txt"; path = "../../../novels/镇妖博物馆.txt"; sourceTree = "<group>"; };
		A52BCCC62BD2A43F00FD4853 /* 我打造了旧日支配者神话.txt */ = {isa = PBXFileReference; fileEncoding = 4; lastKnownFileType = text; name = "我打造了旧日支配者神话.txt"; path = "../../../novels/我打造了旧日支配者神话.txt"; sourceTree = "<group>"; };
		A52BCCC72BD2A43F00FD4853 /* 凡人修仙传.txt */ = {isa = PBXFileReference; fileEncoding = 4; lastKnownFileType = text; name = "凡人修仙传.txt"; path = "../../../novels/凡人修仙传.txt"; sourceTree = "<group>"; };
		A52BCCC82BD2A43F00FD4853 /* 修真聊天群.txt */ = {isa = PBXFileReference; fileEncoding = 4; lastKnownFileType = text; name = "修真聊天群.txt"; path = "../../../novels/修真聊天群.txt"; sourceTree = "<group>"; };
		A52BCCC92BD2A43F00FD4853 /* 全球高武.txt */ = {isa = PBXFileReference; fileEncoding = 4; lastKnownFileType = text; name = "全球高武.txt"; path = "../../../novels/全球高武.txt"; sourceTree = "<group>"; };
		A52BCCCA2BD2A43F00FD4853 /* 大奉打更人.txt */ = {isa = PBXFileReference; fileEncoding = 4; lastKnownFileType = text; name = "大奉打更人.txt"; path = "../../../novels/大奉打更人.txt"; sourceTree = "<group>"; };
		A52BCCCB2BD2A43F00FD4853 /* 异常生物见闻录.txt */ = {isa = PBXFileReference; fileEncoding = 4; lastKnownFileType = text; name = "异常生物见闻录.txt"; path = "../../../novels/异常生物见闻录.txt"; sourceTree = "<group>"; };
		A52BCCCC2BD2A43F00FD4853 /* 星门时光之主.txt */ = {isa = PBXFileReference; fileEncoding = 4; lastKnownFileType = text; name = "星门时光之主.txt"; path = "../../../novels/星门时光之主.txt"; sourceTree = "<group>"; };
		A52BCCCD2BD2A43F00FD4853 /* 夜的命名术.txt */ = {isa = PBXFileReference; fileEncoding = 4; lastKnownFileType = text; name = "夜的命名术.txt"; path = "../../../novels/夜的命名术.txt"; sourceTree = "<group>"; };
		A52BCCCE2BD2A43F00FD4853 /* 奥术神座.txt */ = {isa = PBXFileReference; fileEncoding = 4; lastKnownFileType = text; name = "奥术神座.txt"; path = "../../../novels/奥术神座.txt"; sourceTree = "<group>"; };
		A52BCCCF2BD2A43F00FD4853 /* 我真没想重生啊.txt */ = {isa = PBXFileReference; fileEncoding = 4; lastKnownFileType = text; name = "我真没想重生啊.txt"; path = "../../../novels/我真没想重生啊.txt"; sourceTree = "<group>"; };
		A52BCCD02BD2A43F00FD4853 /* 魔临.txt */ = {isa = PBXFileReference; fileEncoding = 4; lastKnownFileType = text; name = "魔临.txt"; path = "../../../novels/魔临.txt"; sourceTree = "<group>"; };
		A52BCCD12BD2A43F00FD4853 /* 我的属性修行人生.txt */ = {isa = PBXFileReference; fileEncoding = 4; lastKnownFileType = text; name = "我的属性修行人生.txt"; path = "../../../novels/我的属性修行人生.txt"; sourceTree = "<group>"; };
		B403166829C699AC00E02FD0 /* LoadingView.swift */ = {isa = PBXFileReference; lastKnownFileType = sourcecode.swift; path = LoadingView.swift; sourceTree = "<group>"; };
		B48910FD2AB31EE10074343E /* ice reader.entitlements */ = {isa = PBXFileReference; lastKnownFileType = text.plist.entitlements; path = "ice reader.entitlements"; sourceTree = "<group>"; };
		B48910FE2AB31F7C0074343E /* ice-reader-Info.plist */ = {isa = PBXFileReference; lastKnownFileType = text.plist; path = "ice-reader-Info.plist"; sourceTree = SOURCE_ROOT; };
		B48910FF2AB333730074343E /* ice reader-Bridging-Header.h */ = {isa = PBXFileReference; lastKnownFileType = sourcecode.c.h; path = "ice reader-Bridging-Header.h"; sourceTree = "<group>"; };
		B48911032AB3398E0074343E /* CloudManager.swift */ = {isa = PBXFileReference; lastKnownFileType = sourcecode.swift; path = CloudManager.swift; sourceTree = "<group>"; };
		B48911052AB33F3B0074343E /* MKiCloudSync.m */ = {isa = PBXFileReference; lastKnownFileType = sourcecode.c.objc; path = MKiCloudSync.m; sourceTree = "<group>"; };
		B48911072AB33F3C0074343E /* MKiCloudSync.h */ = {isa = PBXFileReference; lastKnownFileType = sourcecode.c.h; path = MKiCloudSync.h; sourceTree = "<group>"; };
		B4977D7329C5C7F200E77370 /* PercentBar.swift */ = {isa = PBXFileReference; lastKnownFileType = sourcecode.swift; path = PercentBar.swift; sourceTree = "<group>"; };
		B4A9F72F29C52F3900F267C6 /* ice reader.app */ = {isa = PBXFileReference; explicitFileType = wrapper.application; includeInIndex = 0; path = "ice reader.app"; sourceTree = BUILT_PRODUCTS_DIR; };
		B4A9F73229C52F3900F267C6 /* ice_readerApp.swift */ = {isa = PBXFileReference; lastKnownFileType = sourcecode.swift; path = ice_readerApp.swift; sourceTree = "<group>"; };
		B4A9F73429C52F3900F267C6 /* ContentView.swift */ = {isa = PBXFileReference; lastKnownFileType = sourcecode.swift; path = ContentView.swift; sourceTree = "<group>"; };
		B4A9F73629C52F3A00F267C6 /* Assets.xcassets */ = {isa = PBXFileReference; lastKnownFileType = folder.assetcatalog; path = Assets.xcassets; sourceTree = "<group>"; };
		B4A9F73929C52F3A00F267C6 /* Preview Assets.xcassets */ = {isa = PBXFileReference; lastKnownFileType = folder.assetcatalog; path = "Preview Assets.xcassets"; sourceTree = "<group>"; };
		B4A9F73B29C52F3A00F267C6 /* Persistence.swift */ = {isa = PBXFileReference; lastKnownFileType = sourcecode.swift; path = Persistence.swift; sourceTree = "<group>"; };
		B4A9F73E29C52F3A00F267C6 /* ice_reader.xcdatamodel */ = {isa = PBXFileReference; lastKnownFileType = wrapper.xcdatamodel; path = ice_reader.xcdatamodel; sourceTree = "<group>"; };
		B4E7089729C541FA00F70C14 /* BookMainView.swift */ = {isa = PBXFileReference; lastKnownFileType = sourcecode.swift; path = BookMainView.swift; sourceTree = "<group>"; };
		B4E7089929C5420B00F70C14 /* BookShelfView.swift */ = {isa = PBXFileReference; lastKnownFileType = sourcecode.swift; path = BookShelfView.swift; sourceTree = "<group>"; };
		B4E7089B29C5422500F70C14 /* BookVM.swift */ = {isa = PBXFileReference; lastKnownFileType = sourcecode.swift; path = BookVM.swift; sourceTree = "<group>"; };
		C700C2815CEBA483424004B4 /* Pods-ice reader.release.xcconfig */ = {isa = PBXFileReference; includeInIndex = 1; lastKnownFileType = text.xcconfig; name = "Pods-ice reader.release.xcconfig"; path = "Target Support Files/Pods-ice reader/Pods-ice reader.release.xcconfig"; sourceTree = "<group>"; };
/* End PBXFileReference section */

/* Begin PBXFrameworksBuildPhase section */
		B4A9F72C29C52F3900F267C6 /* Frameworks */ = {
			isa = PBXFrameworksBuildPhase;
			buildActionMask = 2147483647;
			files = (
				A36B087A3AE434BC3234B23C /* Pods_ice_reader.framework in Frameworks */,
			);
			runOnlyForDeploymentPostprocessing = 0;
		};
/* End PBXFrameworksBuildPhase section */

/* Begin PBXGroup section */
		9860F8F0C77D2A0103CF4A0B /* Pods */ = {
			isa = PBXGroup;
			children = (
				23C148EA6247D7EC1BA4A348 /* Pods-ice reader.debug.xcconfig */,
				C700C2815CEBA483424004B4 /* Pods-ice reader.release.xcconfig */,
			);
			path = Pods;
			sourceTree = "<group>";
		};
		A52BCCB22BD2A42A00FD4853 /* Resource */ = {
			isa = PBXGroup;
			children = (
				A52754862E965B70005B054A /* 凡人仙界篇.txt */,
				A52754872E965B70005B054A /* 凡人修仙篇.txt */,
				A52BCCCE2BD2A43F00FD4853 /* 奥术神座.txt */,
				A52BCCBD2BD2A43E00FD4853 /* 不科学御兽.txt */,
				A52BCCC12BD2A43F00FD4853 /* 大乘期才有逆袭系统.txt */,
				A52BCCCA2BD2A43F00FD4853 /* 大奉打更人.txt */,
				A52BCCC72BD2A43F00FD4853 /* 凡人修仙传.txt */,
				A52BCCC22BD2A43F00FD4853 /* 惊悚乐园.txt */,
				A52BCCB32BD2A43E00FD4853 /* 精灵掌门人.txt */,
				A52BCCB92BD2A43E00FD4853 /* 烂柯棋缘.txt */,
				A52BCCD02BD2A43F00FD4853 /* 魔临.txt */,
				A52BCCB42BD2A43E00FD4853 /* 牧神记.txt */,
				A52BCCBB2BD2A43E00FD4853 /* 亲爱的该吃药了.txt */,
				A52BCCC92BD2A43F00FD4853 /* 全球高武.txt */,
				A52BCCB52BD2A43E00FD4853 /* 全职艺术家.txt */,
				A52BCCBF2BD2A43F00FD4853 /* 圣墟.txt */,
				A52BCCBA2BD2A43E00FD4853 /* 吞噬星空.txt */,
				A52BCCB72BD2A43E00FD4853 /* 问道红尘.txt */,
				A52BCCC62BD2A43F00FD4853 /* 我打造了旧日支配者神话.txt */,
				A52BCCD12BD2A43F00FD4853 /* 我的属性修行人生.txt */,
				A52BCCC42BD2A43F00FD4853 /* 我师兄实在太稳健了.txt */,
				A52BCCC02BD2A43F00FD4853 /* 我有一座冒险屋.txt */,
				A52BCCCF2BD2A43F00FD4853 /* 我真没想重生啊.txt */,
				A52BCCC32BD2A43F00FD4853 /* 希灵帝国.txt */,
				A52BCCCC2BD2A43F00FD4853 /* 星门时光之主.txt */,
				A52BCCC82BD2A43F00FD4853 /* 修真聊天群.txt */,
				A52BCCCD2BD2A43F00FD4853 /* 夜的命名术.txt */,
				A52BCCBE2BD2A43E00FD4853 /* 一念永恒.txt */,
				A52BCCB62BD2A43E00FD4853 /* 一世之尊.txt */,
				A52BCCCB2BD2A43F00FD4853 /* 异常生物见闻录.txt */,
				A52BCCB82BD2A43E00FD4853 /* 长夜余火.txt */,
				A52BCCBC2BD2A43E00FD4853 /* 遮天.txt */,
				A52BCCC52BD2A43F00FD4853 /* 镇妖博物馆.txt */,
			);
			path = Resource;
			sourceTree = "<group>";
		};
		B48911082AB33F830074343E /* OC */ = {
			isa = PBXGroup;
			children = (
				B48911052AB33F3B0074343E /* MKiCloudSync.m */,
				B48911072AB33F3C0074343E /* MKiCloudSync.h */,
			);
			path = OC;
			sourceTree = "<group>";
		};
		B4977D7229C5C7D600E77370 /* basic */ = {
			isa = PBXGroup;
			children = (
				B4977D7329C5C7F200E77370 /* PercentBar.swift */,
				B403166829C699AC00E02FD0 /* LoadingView.swift */,
			);
			path = basic;
			sourceTree = "<group>";
		};
		B4A9F72629C52F3900F267C6 = {
			isa = PBXGroup;
			children = (
				B4A9F73129C52F3900F267C6 /* ice reader */,
				B4A9F73029C52F3900F267C6 /* Products */,
				9860F8F0C77D2A0103CF4A0B /* Pods */,
				F2FF818589554EA41A165BC5 /* Frameworks */,
			);
			sourceTree = "<group>";
		};
		B4A9F73029C52F3900F267C6 /* Products */ = {
			isa = PBXGroup;
			children = (
				B4A9F72F29C52F3900F267C6 /* ice reader.app */,
			);
			name = Products;
			sourceTree = "<group>";
		};
		B4A9F73129C52F3900F267C6 /* ice reader */ = {
			isa = PBXGroup;
			children = (
				A52BCCB22BD2A42A00FD4853 /* Resource */,
				B48910FE2AB31F7C0074343E /* ice-reader-Info.plist */,
				B48910FD2AB31EE10074343E /* ice reader.entitlements */,
				B48910FF2AB333730074343E /* ice reader-Bridging-Header.h */,
				B4E7089629C541E300F70C14 /* App */,
				B4A9F73229C52F3900F267C6 /* ice_readerApp.swift */,
				B4A9F73429C52F3900F267C6 /* ContentView.swift */,
				B4A9F73629C52F3A00F267C6 /* Assets.xcassets */,
				B4A9F73B29C52F3A00F267C6 /* Persistence.swift */,
				B4A9F73D29C52F3A00F267C6 /* ice_reader.xcdatamodeld */,
				B4A9F73829C52F3A00F267C6 /* Preview Content */,
			);
			path = "ice reader";
			sourceTree = "<group>";
		};
		B4A9F73829C52F3A00F267C6 /* Preview Content */ = {
			isa = PBXGroup;
			children = (
				B4A9F73929C52F3A00F267C6 /* Preview Assets.xcassets */,
			);
			path = "Preview Content";
			sourceTree = "<group>";
		};
		B4E7089629C541E300F70C14 /* App */ = {
			isa = PBXGroup;
			children = (
				B48911082AB33F830074343E /* OC */,
				B4977D7229C5C7D600E77370 /* basic */,
				B4E7089729C541FA00F70C14 /* BookMainView.swift */,
				B4E7089929C5420B00F70C14 /* BookShelfView.swift */,
				B4E7089B29C5422500F70C14 /* BookVM.swift */,
				B48911032AB3398E0074343E /* CloudManager.swift */,
			);
			path = App;
			sourceTree = "<group>";
		};
		F2FF818589554EA41A165BC5 /* Frameworks */ = {
			isa = PBXGroup;
			children = (
				416A47C19DC4CDF55A4F6510 /* Pods_ice_reader.framework */,
			);
			name = Frameworks;
			sourceTree = "<group>";
		};
/* End PBXGroup section */

/* Begin PBXNativeTarget section */
		B4A9F72E29C52F3900F267C6 /* ice reader */ = {
			isa = PBXNativeTarget;
			buildConfigurationList = B4A9F74229C52F3A00F267C6 /* Build configuration list for PBXNativeTarget "ice reader" */;
			buildPhases = (
				840F3D2EEA8BA08C48867A81 /* [CP] Check Pods Manifest.lock */,
				B4A9F72B29C52F3900F267C6 /* Sources */,
				B4A9F72C29C52F3900F267C6 /* Frameworks */,
				B4A9F72D29C52F3900F267C6 /* Resources */,
				D349D566A07A3B8716210F6A /* [CP] Embed Pods Frameworks */,
			);
			buildRules = (
			);
			dependencies = (
			);
			name = "ice reader";
			productName = "ice reader";
			productReference = B4A9F72F29C52F3900F267C6 /* ice reader.app */;
			productType = "com.apple.product-type.application";
		};
/* End PBXNativeTarget section */

/* Begin PBXProject section */
		B4A9F72729C52F3900F267C6 /* Project object */ = {
			isa = PBXProject;
			attributes = {
				BuildIndependentTargetsInParallel = 1;
				LastSwiftUpdateCheck = 1410;
				LastUpgradeCheck = 1410;
				TargetAttributes = {
					B4A9F72E29C52F3900F267C6 = {
						CreatedOnToolsVersion = 14.1;
						LastSwiftMigration = 1430;
					};
				};
			};
			buildConfigurationList = B4A9F72A29C52F3900F267C6 /* Build configuration list for PBXProject "ice reader" */;
			compatibilityVersion = "Xcode 14.0";
			developmentRegion = en;
			hasScannedForEncodings = 0;
			knownRegions = (
				en,
				Base,
			);
			mainGroup = B4A9F72629C52F3900F267C6;
			productRefGroup = B4A9F73029C52F3900F267C6 /* Products */;
			projectDirPath = "";
			projectRoot = "";
			targets = (
				B4A9F72E29C52F3900F267C6 /* ice reader */,
			);
		};
/* End PBXProject section */

/* Begin PBXResourcesBuildPhase section */
		B4A9F72D29C52F3900F267C6 /* Resources */ = {
			isa = PBXResourcesBuildPhase;
			buildActionMask = 2147483647;
			files = (
				A52BCCDF2BD2A43F00FD4853 /* 我有一座冒险屋.txt in Resources */,
				B4A9F73A29C52F3A00F267C6 /* Preview Assets.xcassets in Resources */,
				A52BCCDA2BD2A43F00FD4853 /* 亲爱的该吃药了.txt in Resources */,
				A52BCCED2BD2A43F00FD4853 /* 奥术神座.txt in Resources */,
				A52BCCE72BD2A43F00FD4853 /* 修真聊天群.txt in Resources */,
				A52BCCDC2BD2A43F00FD4853 /* 不科学御兽.txt in Resources */,
				A52754882E965B70005B054A /* 凡人仙界篇.txt in Resources */,
				A52754892E965B70005B054A /* 凡人修仙篇.txt in Resources */,
				B4A9F73729C52F3A00F267C6 /* Assets.xcassets in Resources */,
				A52BCCEE2BD2A43F00FD4853 /* 我真没想重生啊.txt in Resources */,
				A52BCCE12BD2A43F00FD4853 /* 惊悚乐园.txt in Resources */,
				A52BCCDB2BD2A43F00FD4853 /* 遮天.txt in Resources */,
				A52BCCE82BD2A43F00FD4853 /* 全球高武.txt in Resources */,
				A52BCCDE2BD2A43F00FD4853 /* 圣墟.txt in Resources */,
				A52BCCD32BD2A43F00FD4853 /* 牧神记.txt in Resources */,
				A52BCCD42BD2A43F00FD4853 /* 全职艺术家.txt in Resources */,
				A52BCCD22BD2A43F00FD4853 /* 精灵掌门人.txt in Resources */,
				A52BCCE02BD2A43F00FD4853 /* 大乘期才有逆袭系统.txt in Resources */,
				A52BCCF02BD2A43F00FD4853 /* 我的属性修行人生.txt in Resources */,
				A52BCCE22BD2A43F00FD4853 /* 希灵帝国.txt in Resources */,
				A52BCCE52BD2A43F00FD4853 /* 我打造了旧日支配者神话.txt in Resources */,
				A52BCCEB2BD2A43F00FD4853 /* 星门时光之主.txt in Resources */,
				A52BCCEC2BD2A43F00FD4853 /* 夜的命名术.txt in Resources */,
				A52BCCE92BD2A43F00FD4853 /* 大奉打更人.txt in Resources */,
				A52BCCD72BD2A43F00FD4853 /* 长夜余火.txt in Resources */,
				A52BCCE42BD2A43F00FD4853 /* 镇妖博物馆.txt in Resources */,
				A52BCCE32BD2A43F00FD4853 /* 我师兄实在太稳健了.txt in Resources */,
				A52BCCD62BD2A43F00FD4853 /* 问道红尘.txt in Resources */,
				A52BCCEA2BD2A43F00FD4853 /* 异常生物见闻录.txt in Resources */,
				A52BCCD82BD2A43F00FD4853 /* 烂柯棋缘.txt in Resources */,
				A52BCCD52BD2A43F00FD4853 /* 一世之尊.txt in Resources */,
				A52BCCEF2BD2A43F00FD4853 /* 魔临.txt in Resources */,
				A52BCCE62BD2A43F00FD4853 /* 凡人修仙传.txt in Resources */,
				A52BCCD92BD2A43F00FD4853 /* 吞噬星空.txt in Resources */,
				A52BCCDD2BD2A43F00FD4853 /* 一念永恒.txt in Resources */,
			);
			runOnlyForDeploymentPostprocessing = 0;
		};
/* End PBXResourcesBuildPhase section */

/* Begin PBXShellScriptBuildPhase section */
		840F3D2EEA8BA08C48867A81 /* [CP] Check Pods Manifest.lock */ = {
			isa = PBXShellScriptBuildPhase;
			buildActionMask = 2147483647;
			files = (
			);
			inputFileListPaths = (
			);
			inputPaths = (
				"${PODS_PODFILE_DIR_PATH}/Podfile.lock",
				"${PODS_ROOT}/Manifest.lock",
			);
			name = "[CP] Check Pods Manifest.lock";
			outputFileListPaths = (
			);
			outputPaths = (
				"$(DERIVED_FILE_DIR)/Pods-ice reader-checkManifestLockResult.txt",
			);
			runOnlyForDeploymentPostprocessing = 0;
			shellPath = /bin/sh;
			shellScript = "diff \"${PODS_PODFILE_DIR_PATH}/Podfile.lock\" \"${PODS_ROOT}/Manifest.lock\" > /dev/null\nif [ $? != 0 ] ; then\n    # print error to STDERR\n    echo \"error: The sandbox is not in sync with the Podfile.lock. Run 'pod install' or update your CocoaPods installation.\" >&2\n    exit 1\nfi\n# This output is used by Xcode 'outputs' to avoid re-running this script phase.\necho \"SUCCESS\" > \"${SCRIPT_OUTPUT_FILE_0}\"\n";
			showEnvVarsInLog = 0;
		};
		D349D566A07A3B8716210F6A /* [CP] Embed Pods Frameworks */ = {
			isa = PBXShellScriptBuildPhase;
			buildActionMask = 2147483647;
			files = (
			);
			inputFileListPaths = (
				"${PODS_ROOT}/Target Support Files/Pods-ice reader/Pods-ice reader-frameworks-${CONFIGURATION}-input-files.xcfilelist",
			);
			inputPaths = (
			);
			name = "[CP] Embed Pods Frameworks";
			outputFileListPaths = (
				"${PODS_ROOT}/Target Support Files/Pods-ice reader/Pods-ice reader-frameworks-${CONFIGURATION}-output-files.xcfilelist",
			);
			outputPaths = (
			);
			runOnlyForDeploymentPostprocessing = 0;
			shellPath = /bin/sh;
			shellScript = "\"${PODS_ROOT}/Target Support Files/Pods-ice reader/Pods-ice reader-frameworks.sh\"\n";
			showEnvVarsInLog = 0;
		};
/* End PBXShellScriptBuildPhase section */

/* Begin PBXSourcesBuildPhase section */
		B4A9F72B29C52F3900F267C6 /* Sources */ = {
			isa = PBXSourcesBuildPhase;
			buildActionMask = 2147483647;
			files = (
				B48911042AB3398E0074343E /* CloudManager.swift in Sources */,
				B4A9F73C29C52F3A00F267C6 /* Persistence.swift in Sources */,
				B4977D7429C5C7F200E77370 /* PercentBar.swift in Sources */,
				B4E7089C29C5422500F70C14 /* BookVM.swift in Sources */,
				B4A9F73529C52F3900F267C6 /* ContentView.swift in Sources */,
				B4E7089A29C5420B00F70C14 /* BookShelfView.swift in Sources */,
				B4A9F73F29C52F3A00F267C6 /* ice_reader.xcdatamodeld in Sources */,
				B4A9F73329C52F3900F267C6 /* ice_readerApp.swift in Sources */,
				B4E7089829C541FA00F70C14 /* BookMainView.swift in Sources */,
				B48911062AB33F3B0074343E /* MKiCloudSync.m in Sources */,
				B403166929C699AC00E02FD0 /* LoadingView.swift in Sources */,
			);
			runOnlyForDeploymentPostprocessing = 0;
		};
/* End PBXSourcesBuildPhase section */

/* Begin XCBuildConfiguration section */
		B4A9F74029C52F3A00F267C6 /* Debug */ = {
			isa = XCBuildConfiguration;
			buildSettings = {
				ALWAYS_SEARCH_USER_PATHS = NO;
				CLANG_ANALYZER_NONNULL = YES;
				CLANG_ANALYZER_NUMBER_OBJECT_CONVERSION = YES_AGGRESSIVE;
				CLANG_CXX_LANGUAGE_STANDARD = "gnu++20";
				CLANG_ENABLE_MODULES = YES;
				CLANG_ENABLE_OBJC_ARC = YES;
				CLANG_ENABLE_OBJC_WEAK = YES;
				CLANG_WARN_BLOCK_CAPTURE_AUTORELEASING = YES;
				CLANG_WARN_BOOL_CONVERSION = YES;
				CLANG_WARN_COMMA = YES;
				CLANG_WARN_CONSTANT_CONVERSION = YES;
				CLANG_WARN_DEPRECATED_OBJC_IMPLEMENTATIONS = YES;
				CLANG_WARN_DIRECT_OBJC_ISA_USAGE = YES_ERROR;
				CLANG_WARN_DOCUMENTATION_COMMENTS = YES;
				CLANG_WARN_EMPTY_BODY = YES;
				CLANG_WARN_ENUM_CONVERSION = YES;
				CLANG_WARN_INFINITE_RECURSION = YES;
				CLANG_WARN_INT_CONVERSION = YES;
				CLANG_WARN_NON_LITERAL_NULL_CONVERSION = YES;
				CLANG_WARN_OBJC_IMPLICIT_RETAIN_SELF = YES;
				CLANG_WARN_OBJC_LITERAL_CONVERSION = YES;
				CLANG_WARN_OBJC_ROOT_CLASS = YES_ERROR;
				CLANG_WARN_QUOTED_INCLUDE_IN_FRAMEWORK_HEADER = YES;
				CLANG_WARN_RANGE_LOOP_ANALYSIS = YES;
				CLANG_WARN_STRICT_PROTOTYPES = YES;
				CLANG_WARN_SUSPICIOUS_MOVE = YES;
				CLANG_WARN_UNGUARDED_AVAILABILITY = YES_AGGRESSIVE;
				CLANG_WARN_UNREACHABLE_CODE = YES;
				CLANG_WARN__DUPLICATE_METHOD_MATCH = YES;
				COPY_PHASE_STRIP = NO;
				DEBUG_INFORMATION_FORMAT = dwarf;
				ENABLE_STRICT_OBJC_MSGSEND = YES;
				ENABLE_TESTABILITY = YES;
				GCC_C_LANGUAGE_STANDARD = gnu11;
				GCC_DYNAMIC_NO_PIC = NO;
				GCC_NO_COMMON_BLOCKS = YES;
				GCC_OPTIMIZATION_LEVEL = 0;
				GCC_PREPROCESSOR_DEFINITIONS = (
					"DEBUG=1",
					"$(inherited)",
				);
				GCC_WARN_64_TO_32_BIT_CONVERSION = YES;
				GCC_WARN_ABOUT_RETURN_TYPE = YES_ERROR;
				GCC_WARN_UNDECLARED_SELECTOR = YES;
				GCC_WARN_UNINITIALIZED_AUTOS = YES_AGGRESSIVE;
				GCC_WARN_UNUSED_FUNCTION = YES;
				GCC_WARN_UNUSED_VARIABLE = YES;
				IPHONEOS_DEPLOYMENT_TARGET = 16.1;
				MTL_ENABLE_DEBUG_INFO = INCLUDE_SOURCE;
				MTL_FAST_MATH = YES;
				ONLY_ACTIVE_ARCH = YES;
				SDKROOT = iphoneos;
				SWIFT_ACTIVE_COMPILATION_CONDITIONS = DEBUG;
				SWIFT_OPTIMIZATION_LEVEL = "-Onone";
			};
			name = Debug;
		};
		B4A9F74129C52F3A00F267C6 /* Release */ = {
			isa = XCBuildConfiguration;
			buildSettings = {
				ALWAYS_SEARCH_USER_PATHS = NO;
				CLANG_ANALYZER_NONNULL = YES;
				CLANG_ANALYZER_NUMBER_OBJECT_CONVERSION = YES_AGGRESSIVE;
				CLANG_CXX_LANGUAGE_STANDARD = "gnu++20";
				CLANG_ENABLE_MODULES = YES;
				CLANG_ENABLE_OBJC_ARC = YES;
				CLANG_ENABLE_OBJC_WEAK = YES;
				CLANG_WARN_BLOCK_CAPTURE_AUTORELEASING = YES;
				CLANG_WARN_BOOL_CONVERSION = YES;
				CLANG_WARN_COMMA = YES;
				CLANG_WARN_CONSTANT_CONVERSION = YES;
				CLANG_WARN_DEPRECATED_OBJC_IMPLEMENTATIONS = YES;
				CLANG_WARN_DIRECT_OBJC_ISA_USAGE = YES_ERROR;
				CLANG_WARN_DOCUMENTATION_COMMENTS = YES;
				CLANG_WARN_EMPTY_BODY = YES;
				CLANG_WARN_ENUM_CONVERSION = YES;
				CLANG_WARN_INFINITE_RECURSION = YES;
				CLANG_WARN_INT_CONVERSION = YES;
				CLANG_WARN_NON_LITERAL_NULL_CONVERSION = YES;
				CLANG_WARN_OBJC_IMPLICIT_RETAIN_SELF = YES;
				CLANG_WARN_OBJC_LITERAL_CONVERSION = YES;
				CLANG_WARN_OBJC_ROOT_CLASS = YES_ERROR;
				CLANG_WARN_QUOTED_INCLUDE_IN_FRAMEWORK_HEADER = YES;
				CLANG_WARN_RANGE_LOOP_ANALYSIS = YES;
				CLANG_WARN_STRICT_PROTOTYPES = YES;
				CLANG_WARN_SUSPICIOUS_MOVE = YES;
				CLANG_WARN_UNGUARDED_AVAILABILITY = YES_AGGRESSIVE;
				CLANG_WARN_UNREACHABLE_CODE = YES;
				CLANG_WARN__DUPLICATE_METHOD_MATCH = YES;
				COPY_PHASE_STRIP = NO;
				DEBUG_INFORMATION_FORMAT = "dwarf-with-dsym";
				ENABLE_NS_ASSERTIONS = NO;
				ENABLE_STRICT_OBJC_MSGSEND = YES;
				GCC_C_LANGUAGE_STANDARD = gnu11;
				GCC_NO_COMMON_BLOCKS = YES;
				GCC_WARN_64_TO_32_BIT_CONVERSION = YES;
				GCC_WARN_ABOUT_RETURN_TYPE = YES_ERROR;
				GCC_WARN_UNDECLARED_SELECTOR = YES;
				GCC_WARN_UNINITIALIZED_AUTOS = YES_AGGRESSIVE;
				GCC_WARN_UNUSED_FUNCTION = YES;
				GCC_WARN_UNUSED_VARIABLE = YES;
				IPHONEOS_DEPLOYMENT_TARGET = 16.1;
				MTL_ENABLE_DEBUG_INFO = NO;
				MTL_FAST_MATH = YES;
				SDKROOT = iphoneos;
				SWIFT_COMPILATION_MODE = wholemodule;
				SWIFT_OPTIMIZATION_LEVEL = "-O";
				VALIDATE_PRODUCT = YES;
			};
			name = Release;
		};
		B4A9F74329C52F3A00F267C6 /* Debug */ = {
			isa = XCBuildConfiguration;
			baseConfigurationReference = 23C148EA6247D7EC1BA4A348 /* Pods-ice reader.debug.xcconfig */;
			buildSettings = {
				ASSETCATALOG_COMPILER_APPICON_NAME = AppIcon;
				ASSETCATALOG_COMPILER_GLOBAL_ACCENT_COLOR_NAME = AccentColor;
				CLANG_ENABLE_MODULES = YES;
				CODE_SIGN_ENTITLEMENTS = "ice reader/ice reader.entitlements";
				CODE_SIGN_STYLE = Automatic;
				CURRENT_PROJECT_VERSION = 2;
				DEVELOPMENT_ASSET_PATHS = "\"ice reader/Preview Content\"";
				DEVELOPMENT_TEAM = 39R699SCD9;
				ENABLE_PREVIEWS = YES;
				GENERATE_INFOPLIST_FILE = YES;
				INFOPLIST_FILE = "ice-reader-Info.plist";
				INFOPLIST_KEY_CFBundleDisplayName = "";
				INFOPLIST_KEY_LSApplicationCategoryType = "public.app-category.utilities";
				INFOPLIST_KEY_UIApplicationSceneManifest_Generation = YES;
				INFOPLIST_KEY_UIApplicationSupportsIndirectInputEvents = YES;
				INFOPLIST_KEY_UILaunchScreen_Generation = YES;
				INFOPLIST_KEY_UISupportedInterfaceOrientations = "UIInterfaceOrientationLandscapeLeft UIInterfaceOrientationLandscapeRight UIInterfaceOrientationPortrait UIInterfaceOrientationPortraitUpsideDown";
				LD_RUNPATH_SEARCH_PATHS = (
					"$(inherited)",
					"@executable_path/Frameworks",
				);
				MARKETING_VERSION = 1.0.1;
				PRODUCT_BUNDLE_IDENTIFIER = "Tropical-fish.Book-checker";
				PRODUCT_NAME = "$(TARGET_NAME)";
				SWIFT_EMIT_LOC_STRINGS = YES;
				SWIFT_OBJC_BRIDGING_HEADER = "ice reader/ice reader-Bridging-Header.h";
				SWIFT_OPTIMIZATION_LEVEL = "-Onone";
				SWIFT_VERSION = 5.0;
				TARGETED_DEVICE_FAMILY = "1,2";
			};
			name = Debug;
		};
		B4A9F74429C52F3A00F267C6 /* Release */ = {
			isa = XCBuildConfiguration;
			baseConfigurationReference = C700C2815CEBA483424004B4 /* Pods-ice reader.release.xcconfig */;
			buildSettings = {
				ASSETCATALOG_COMPILER_APPICON_NAME = AppIcon;
				ASSETCATALOG_COMPILER_GLOBAL_ACCENT_COLOR_NAME = AccentColor;
				CLANG_ENABLE_MODULES = YES;
				CODE_SIGN_ENTITLEMENTS = "ice reader/ice reader.entitlements";
				CODE_SIGN_STYLE = Automatic;
				CURRENT_PROJECT_VERSION = 2;
				DEVELOPMENT_ASSET_PATHS = "\"ice reader/Preview Content\"";
				DEVELOPMENT_TEAM = 39R699SCD9;
				ENABLE_PREVIEWS = YES;
				GENERATE_INFOPLIST_FILE = YES;
				INFOPLIST_FILE = "ice-reader-Info.plist";
				INFOPLIST_KEY_CFBundleDisplayName = "";
				INFOPLIST_KEY_LSApplicationCategoryType = "public.app-category.utilities";
				INFOPLIST_KEY_UIApplicationSceneManifest_Generation = YES;
				INFOPLIST_KEY_UIApplicationSupportsIndirectInputEvents = YES;
				INFOPLIST_KEY_UILaunchScreen_Generation = YES;
				INFOPLIST_KEY_UISupportedInterfaceOrientations = "UIInterfaceOrientationLandscapeLeft UIInterfaceOrientationLandscapeRight UIInterfaceOrientationPortrait UIInterfaceOrientationPortraitUpsideDown";
				LD_RUNPATH_SEARCH_PATHS = (
					"$(inherited)",
					"@executable_path/Frameworks",
				);
				MARKETING_VERSION = 1.0.1;
				PRODUCT_BUNDLE_IDENTIFIER = "Tropical-fish.Book-checker";
				PRODUCT_NAME = "$(TARGET_NAME)";
				SWIFT_EMIT_LOC_STRINGS = YES;
				SWIFT_OBJC_BRIDGING_HEADER = "ice reader/ice reader-Bridging-Header.h";
				SWIFT_VERSION = 5.0;
				TARGETED_DEVICE_FAMILY = "1,2";
			};
			name = Release;
		};
/* End XCBuildConfiguration section */

/* Begin XCConfigurationList section */
		B4A9F72A29C52F3900F267C6 /* Build configuration list for PBXProject "ice reader" */ = {
			isa = XCConfigurationList;
			buildConfigurations = (
				B4A9F74029C52F3A00F267C6 /* Debug */,
				B4A9F74129C52F3A00F267C6 /* Release */,
			);
			defaultConfigurationIsVisible = 0;
			defaultConfigurationName = Release;
		};
		B4A9F74229C52F3A00F267C6 /* Build configuration list for PBXNativeTarget "ice reader" */ = {
			isa = XCConfigurationList;
			buildConfigurations = (
				B4A9F74329C52F3A00F267C6 /* Debug */,
				B4A9F74429C52F3A00F267C6 /* Release */,
			);
			defaultConfigurationIsVisible = 0;
			defaultConfigurationName = Release;
		};
/* End XCConfigurationList section */

/* Begin XCVersionGroup section */
		B4A9F73D29C52F3A00F267C6 /* ice_reader.xcdatamodeld */ = {
			isa = XCVersionGroup;
			children = (
				B4A9F73E29C52F3A00F267C6 /* ice_reader.xcdatamodel */,
			);
			currentVersion = B4A9F73E29C52F3A00F267C6 /* ice_reader.xcdatamodel */;
			path = ice_reader.xcdatamodeld;
			sourceTree = "<group>";
			versionGroupType = wrapper.xcdatamodel;
		};
/* End XCVersionGroup section */
	};
	rootObject = B4A9F72729C52F3900F267C6 /* Project object */;
}
